// !$*UTF8*$!
{
	archiveVersion = 1;
	classes = {
	};
	objectVersion = 77;
	objects = {

/* Begin PBXBuildFile section */
		2F02F7AD2E3BDC7A005273A5 /* Response.swift in Sources */ = {isa = PBXBuildFile; fileRef = 2F02F7AC2E3BDC7A005273A5 /* Response.swift */; };
		2F02F7B02E3BE17B005273A5 /* DependencyValues.swift in Sources */ = {isa = PBXBuildFile; fileRef = 2F02F7AF2E3BE17B005273A5 /* DependencyValues.swift */; };
		2F02F7B22E3BF0FD005273A5 /* Moya in Frameworks */ = {isa = PBXBuildFile; productRef = 2F02F7B12E3BF0FD005273A5 /* Moya */; };
		2F02F7B42E3C009C005273A5 /* KakaoSDKAuth in Frameworks */ = {isa = PBXBuildFile; productRef = 2F02F7B32E3C009C005273A5 /* KakaoSDKAuth */; };
		2F02F7B62E3C009C005273A5 /* KakaoSDKCommon in Frameworks */ = {isa = PBXBuildFile; productRef = 2F02F7B52E3C009C005273A5 /* KakaoSDKCommon */; };
		2F02F7B82E3C009C005273A5 /* KakaoSDKUser in Frameworks */ = {isa = PBXBuildFile; productRef = 2F02F7B72E3C009C005273A5 /* KakaoSDKUser */; };
		2F02F7BA2E3C00F0005273A5 /* AppDelegate.swift in Sources */ = {isa = PBXBuildFile; fileRef = 2F02F7B92E3C00F0005273A5 /* AppDelegate.swift */; };
		2F02F7BC2E3C02A3005273A5 /* KakaoAuthRepository.swift in Sources */ = {isa = PBXBuildFile; fileRef = 2F02F7BB2E3C02A3005273A5 /* KakaoAuthRepository.swift */; };
		2F02F7C02E3C03CA005273A5 /* KakaoURLHandler.swift in Sources */ = {isa = PBXBuildFile; fileRef = 2F02F7BF2E3C03CA005273A5 /* KakaoURLHandler.swift */; };
		2F02F7C22E3C03F1005273A5 /* AppURLRouter.swift in Sources */ = {isa = PBXBuildFile; fileRef = 2F02F7C12E3C03F1005273A5 /* AppURLRouter.swift */; };
		2F02F7C52E3C0945005273A5 /* GoogleSignIn in Frameworks */ = {isa = PBXBuildFile; productRef = 2F02F7C42E3C0945005273A5 /* GoogleSignIn */; };
		2F02F7C72E3C0945005273A5 /* GoogleSignInSwift in Frameworks */ = {isa = PBXBuildFile; productRef = 2F02F7C62E3C0945005273A5 /* GoogleSignInSwift */; };
		2F02F7C92E3C0B15005273A5 /* GoogleAuthRepository.swift in Sources */ = {isa = PBXBuildFile; fileRef = 2F02F7C82E3C0B15005273A5 /* GoogleAuthRepository.swift */; };
		2F02F81B2E3DD5EF005273A5 /* CustomNavigationBarModifier.swift in Sources */ = {isa = PBXBuildFile; fileRef = 2F02F81A2E3DD5EF005273A5 /* CustomNavigationBarModifier.swift */; };
		2F02F81D2E3DD638005273A5 /* View+.swift in Sources */ = {isa = PBXBuildFile; fileRef = 2F02F81C2E3DD638005273A5 /* View+.swift */; };
		2F02F8202E3DD7A8005273A5 /* HomeView.swift in Sources */ = {isa = PBXBuildFile; fileRef = 2F02F81F2E3DD7A8005273A5 /* HomeView.swift */; };
		2F02F8282E3DE709005273A5 /* AlarmCardView.swift in Sources */ = {isa = PBXBuildFile; fileRef = 2F02F8272E3DE709005273A5 /* AlarmCardView.swift */; };
		2F02F82A2E3DE7D1005273A5 /* AlarmCardFeature.swift in Sources */ = {isa = PBXBuildFile; fileRef = 2F02F8292E3DE7D1005273A5 /* AlarmCardFeature.swift */; };
		2F02F82D2E3DE95E005273A5 /* Alarm.swift in Sources */ = {isa = PBXBuildFile; fileRef = 2F02F82C2E3DE95E005273A5 /* Alarm.swift */; };
		2F0556F72E47021300BA067E /* AuthClient.swift in Sources */ = {isa = PBXBuildFile; fileRef = 2F0556F62E47021300BA067E /* AuthClient.swift */; };
		2F0556F92E47022100BA067E /* TokenStore.swift in Sources */ = {isa = PBXBuildFile; fileRef = 2F0556F82E47022100BA067E /* TokenStore.swift */; };
		2F0556FB2E472B1900BA067E /* RootFeature.swift in Sources */ = {isa = PBXBuildFile; fileRef = 2F0556FA2E472B1900BA067E /* RootFeature.swift */; };
		2F0557002E47EA8900BA067E /* MainView.swift in Sources */ = {isa = PBXBuildFile; fileRef = 2F0556FF2E47EA8900BA067E /* MainView.swift */; };
		2F0557022E47EA9300BA067E /* MainFeature.swift in Sources */ = {isa = PBXBuildFile; fileRef = 2F0557012E47EA9300BA067E /* MainFeature.swift */; };
		2F0557042E47EAEC00BA067E /* SetAlarmFeature.swift in Sources */ = {isa = PBXBuildFile; fileRef = 2F0557032E47EAEC00BA067E /* SetAlarmFeature.swift */; };
		2F22633A2E40FF4B0079CF4F /* NMapsMap in Frameworks */ = {isa = PBXBuildFile; productRef = 2F2263392E40FF4B0079CF4F /* NMapsMap */; };
		2F22633C2E40FFAD0079CF4F /* MapView.swift in Sources */ = {isa = PBXBuildFile; fileRef = 2F22633B2E40FFAD0079CF4F /* MapView.swift */; };
		2F22633E2E4258720079CF4F /* MapFeature.swift in Sources */ = {isa = PBXBuildFile; fileRef = 2F22633D2E4258720079CF4F /* MapFeature.swift */; };
		2F2263422E4658CE0079CF4F /* LocationManager.swift in Sources */ = {isa = PBXBuildFile; fileRef = 2F2263412E4658CE0079CF4F /* LocationManager.swift */; };
		2F2263442E4659210079CF4F /* LocationClient.swift in Sources */ = {isa = PBXBuildFile; fileRef = 2F2263432E4659200079CF4F /* LocationClient.swift */; };
		2F2263462E4659C80079CF4F /* CLLocationCoordinate2D+.swift in Sources */ = {isa = PBXBuildFile; fileRef = 2F2263452E4659C80079CF4F /* CLLocationCoordinate2D+.swift */; };
		2F2263492E4667DE0079CF4F /* AutoLoginClient.swift in Sources */ = {isa = PBXBuildFile; fileRef = 2F2263482E4667DE0079CF4F /* AutoLoginClient.swift */; };
		2F22634D2E466BDC0079CF4F /* SplashView.swift in Sources */ = {isa = PBXBuildFile; fileRef = 2F22634C2E466BDC0079CF4F /* SplashView.swift */; };
		2F22634F2E466BE90079CF4F /* SplashFeature.swift in Sources */ = {isa = PBXBuildFile; fileRef = 2F22634E2E466BE90079CF4F /* SplashFeature.swift */; };
		2F2263532E466CDA0079CF4F /* OnboardingView.swift in Sources */ = {isa = PBXBuildFile; fileRef = 2F2263522E466CDA0079CF4F /* OnboardingView.swift */; };
		2F2263552E466CEA0079CF4F /* OnboardingFeature.swift in Sources */ = {isa = PBXBuildFile; fileRef = 2F2263542E466CEA0079CF4F /* OnboardingFeature.swift */; };
		2F22635A2E466D940079CF4F /* AlarmRingingView.swift in Sources */ = {isa = PBXBuildFile; fileRef = 2F2263592E466D940079CF4F /* AlarmRingingView.swift */; };
		2F22635D2E4678280079CF4F /* AppBottomSheet.swift in Sources */ = {isa = PBXBuildFile; fileRef = 2F22635C2E4678280079CF4F /* AppBottomSheet.swift */; };
		2F22635F2E4678840079CF4F /* SheetTitle.swift in Sources */ = {isa = PBXBuildFile; fileRef = 2F22635E2E4678840079CF4F /* SheetTitle.swift */; };
		2F2263612E4678B50079CF4F /* SheetMessage.swift in Sources */ = {isa = PBXBuildFile; fileRef = 2F2263602E4678B50079CF4F /* SheetMessage.swift */; };
		2F2263632E4678D10079CF4F /* SheetButtons.swift in Sources */ = {isa = PBXBuildFile; fileRef = 2F2263622E4678D10079CF4F /* SheetButtons.swift */; };
		2F2263652E46790A0079CF4F /* Sheet.swift in Sources */ = {isa = PBXBuildFile; fileRef = 2F2263642E46790A0079CF4F /* Sheet.swift */; };
		2F3E8DB52E46984100E3C0D7 /* AlarmListResponseDTO.swift in Sources */ = {isa = PBXBuildFile; fileRef = 2F3E8DB42E46984100E3C0D7 /* AlarmListResponseDTO.swift */; };
		2F3E8DB72E46A41B00E3C0D7 /* AlarmOffRequestDTO.swift in Sources */ = {isa = PBXBuildFile; fileRef = 2F3E8DB62E46A41B00E3C0D7 /* AlarmOffRequestDTO.swift */; };
		2F3E8DB92E46A45C00E3C0D7 /* AlarmOffResponseDTO.swift in Sources */ = {isa = PBXBuildFile; fileRef = 2F3E8DB82E46A45C00E3C0D7 /* AlarmOffResponseDTO.swift */; };
		2F3E8DBB2E46AB9400E3C0D7 /* ReasonDTO.swift in Sources */ = {isa = PBXBuildFile; fileRef = 2F3E8DBA2E46AB9400E3C0D7 /* ReasonDTO.swift */; };
		2F3E8DBD2E46BDE300E3C0D7 /* OnboardingClient.swift in Sources */ = {isa = PBXBuildFile; fileRef = 2F3E8DBC2E46BDE300E3C0D7 /* OnboardingClient.swift */; };
		2F4DDDE42E19635D00607760 /* Assets.xcassets in Resources */ = {isa = PBXBuildFile; fileRef = 2F4DDDDF2E19635D00607760 /* Assets.xcassets */; };
		2F4DDDE52E19635D00607760 /* RootView.swift in Sources */ = {isa = PBXBuildFile; fileRef = 2F4DDDE02E19635D00607760 /* RootView.swift */; };
		2F4DDDE62E19635D00607760 /* Whiplash_iOSApp.swift in Sources */ = {isa = PBXBuildFile; fileRef = 2F4DDDE12E19635D00607760 /* Whiplash_iOSApp.swift */; };
		2F4DDDF32E19667700607760 /* Pretendard-Light.otf in Resources */ = {isa = PBXBuildFile; fileRef = 2F4DDDEE2E19667700607760 /* Pretendard-Light.otf */; };
		2F4DDDF42E19667700607760 /* Pretendard-ExtraBold.otf in Resources */ = {isa = PBXBuildFile; fileRef = 2F4DDDEC2E19667700607760 /* Pretendard-ExtraBold.otf */; };
		2F4DDDF52E19667700607760 /* Pretendard-Medium.otf in Resources */ = {isa = PBXBuildFile; fileRef = 2F4DDDEF2E19667700607760 /* Pretendard-Medium.otf */; };
		2F4DDDF62E19667700607760 /* Pretendard-Regular.otf in Resources */ = {isa = PBXBuildFile; fileRef = 2F4DDDF02E19667700607760 /* Pretendard-Regular.otf */; };
		2F4DDDF72E19667700607760 /* Pretendard-SemiBold.otf in Resources */ = {isa = PBXBuildFile; fileRef = 2F4DDDF12E19667700607760 /* Pretendard-SemiBold.otf */; };
		2F4DDDF82E19667700607760 /* Pretendard-ExtraLight.otf in Resources */ = {isa = PBXBuildFile; fileRef = 2F4DDDED2E19667700607760 /* Pretendard-ExtraLight.otf */; };
		2F4DDDF92E19667700607760 /* Pretendard-Bold.otf in Resources */ = {isa = PBXBuildFile; fileRef = 2F4DDDEB2E19667700607760 /* Pretendard-Bold.otf */; };
		2F4DDDFA2E19667700607760 /* Pretendard-Black.otf in Resources */ = {isa = PBXBuildFile; fileRef = 2F4DDDEA2E19667700607760 /* Pretendard-Black.otf */; };
		2F4DDDFB2E19667700607760 /* Pretendard-Thin.otf in Resources */ = {isa = PBXBuildFile; fileRef = 2F4DDDF22E19667700607760 /* Pretendard-Thin.otf */; };
		2F4DDDFE2E1966D900607760 /* TextStyle.swift in Sources */ = {isa = PBXBuildFile; fileRef = 2F4DDDFD2E1966D900607760 /* TextStyle.swift */; };
		2F4DDE0A2E19678200607760 /* Paperlogy-6SemiBold.ttf in Resources */ = {isa = PBXBuildFile; fileRef = 2F4DDE062E19678200607760 /* Paperlogy-6SemiBold.ttf */; };
		2F4DDE0B2E19678200607760 /* Paperlogy-1Thin.ttf in Resources */ = {isa = PBXBuildFile; fileRef = 2F4DDE012E19678200607760 /* Paperlogy-1Thin.ttf */; };
		2F4DDE0C2E19678200607760 /* Paperlogy-2ExtraLight.ttf in Resources */ = {isa = PBXBuildFile; fileRef = 2F4DDE022E19678200607760 /* Paperlogy-2ExtraLight.ttf */; };
		2F4DDE0D2E19678200607760 /* Paperlogy-3Light.ttf in Resources */ = {isa = PBXBuildFile; fileRef = 2F4DDE032E19678200607760 /* Paperlogy-3Light.ttf */; };
		2F4DDE0E2E19678200607760 /* Paperlogy-5Medium.ttf in Resources */ = {isa = PBXBuildFile; fileRef = 2F4DDE052E19678200607760 /* Paperlogy-5Medium.ttf */; };
		2F4DDE0F2E19678200607760 /* Paperlogy-9Black.ttf in Resources */ = {isa = PBXBuildFile; fileRef = 2F4DDE092E19678200607760 /* Paperlogy-9Black.ttf */; };
		2F4DDE102E19678200607760 /* Paperlogy-7Bold.ttf in Resources */ = {isa = PBXBuildFile; fileRef = 2F4DDE072E19678200607760 /* Paperlogy-7Bold.ttf */; };
		2F4DDE112E19678200607760 /* Paperlogy-8ExtraBold.ttf in Resources */ = {isa = PBXBuildFile; fileRef = 2F4DDE082E19678200607760 /* Paperlogy-8ExtraBold.ttf */; };
		2F4DDE122E19678200607760 /* Paperlogy-4Regular.ttf in Resources */ = {isa = PBXBuildFile; fileRef = 2F4DDE042E19678200607760 /* Paperlogy-4Regular.ttf */; };
		2F4DDE142E1979AF00607760 /* AppText.swift in Sources */ = {isa = PBXBuildFile; fileRef = 2F4DDE132E1979AF00607760 /* AppText.swift */; };
		2F4DDE192E1983D600607760 /* ShadowModifier.swift in Sources */ = {isa = PBXBuildFile; fileRef = 2F4DDE182E1983D600607760 /* ShadowModifier.swift */; };
		2F4DDE1E2E198CD500607760 /* AppButton.swift in Sources */ = {isa = PBXBuildFile; fileRef = 2F4DDE1D2E198CD500607760 /* AppButton.swift */; };
		2F4DDE222E199DE300607760 /* LoginButton.swift in Sources */ = {isa = PBXBuildFile; fileRef = 2F4DDE212E199DE300607760 /* LoginButton.swift */; };
		2F4DDE6C2E1D009F00607760 /* LoginView.swift in Sources */ = {isa = PBXBuildFile; fileRef = 2F4DDE6B2E1D009F00607760 /* LoginView.swift */; };
		2F4DDE6E2E1D00AF00607760 /* LoginFeature.swift in Sources */ = {isa = PBXBuildFile; fileRef = 2F4DDE6D2E1D00AF00607760 /* LoginFeature.swift */; };
		2F4DDE712E1D031C00607760 /* AppLayout.swift in Sources */ = {isa = PBXBuildFile; fileRef = 2F4DDE702E1D031C00607760 /* AppLayout.swift */; };
		2F4DDE742E1D043200607760 /* ComposableArchitecture in Frameworks */ = {isa = PBXBuildFile; productRef = 2F4DDE732E1D043200607760 /* ComposableArchitecture */; };
		2F4DDE7C2E1D12FD00607760 /* KeychainProvider.swift in Sources */ = {isa = PBXBuildFile; fileRef = 2F4DDE7B2E1D12FD00607760 /* KeychainProvider.swift */; };
		2F4DDE7E2E1D145700607760 /* AuthUseCase.swift in Sources */ = {isa = PBXBuildFile; fileRef = 2F4DDE7D2E1D145700607760 /* AuthUseCase.swift */; };
		2F4DDE812E1D1C1600607760 /* SingInInfo.swift in Sources */ = {isa = PBXBuildFile; fileRef = 2F4DDE802E1D1C1600607760 /* SingInInfo.swift */; };
		2F4DDE852E1D1DB700607760 /* AuthRepository.swift in Sources */ = {isa = PBXBuildFile; fileRef = 2F4DDE842E1D1DB700607760 /* AuthRepository.swift */; };
		2F4DDE8A2E1D2E3000607760 /* Config.xcconfig in Resources */ = {isa = PBXBuildFile; fileRef = 2F4DDE892E1D2E3000607760 /* Config.xcconfig */; };
		2F4DDE8C2E1D307A00607760 /* DefaultTargetType.swift in Sources */ = {isa = PBXBuildFile; fileRef = 2F4DDE8B2E1D307A00607760 /* DefaultTargetType.swift */; };
		2F4DDE8E2E1D328800607760 /* APIClient.swift in Sources */ = {isa = PBXBuildFile; fileRef = 2F4DDE8D2E1D328800607760 /* APIClient.swift */; };
		2F4DDE902E1D34B000607760 /* Requestable.swift in Sources */ = {isa = PBXBuildFile; fileRef = 2F4DDE8F2E1D34B000607760 /* Requestable.swift */; };
		2F4DDE932E1D34D000607760 /* Respondable.swift in Sources */ = {isa = PBXBuildFile; fileRef = 2F4DDE922E1D34D000607760 /* Respondable.swift */; };
		2F4DDE992E1D3D2200607760 /* SignInRequestDTO.swift in Sources */ = {isa = PBXBuildFile; fileRef = 2F4DDE982E1D3D2200607760 /* SignInRequestDTO.swift */; };
		2F4DDE9B2E1D3D5400607760 /* SignInResponseDTO.swift in Sources */ = {isa = PBXBuildFile; fileRef = 2F4DDE9A2E1D3D5400607760 /* SignInResponseDTO.swift */; };
		2F4DDE9E2E1D409E00607760 /* TokenReissueResponseDTO.swift in Sources */ = {isa = PBXBuildFile; fileRef = 2F4DDE9D2E1D409E00607760 /* TokenReissueResponseDTO.swift */; };
		2F4DDEA02E1D40B900607760 /* TokenReissueRequestDTO.swift in Sources */ = {isa = PBXBuildFile; fileRef = 2F4DDE9F2E1D40B900607760 /* TokenReissueRequestDTO.swift */; };
		2F4DDEA22E1D43CC00607760 /* SocialLoginType.swift in Sources */ = {isa = PBXBuildFile; fileRef = 2F4DDEA12E1D43CC00607760 /* SocialLoginType.swift */; };
		2F4DDEA52E1D460600607760 /* AppleAuthService.swift in Sources */ = {isa = PBXBuildFile; fileRef = 2F4DDEA42E1D460600607760 /* AppleAuthService.swift */; };
		2F4DDEA72E1D461500607760 /* KakaoAuthService.swift in Sources */ = {isa = PBXBuildFile; fileRef = 2F4DDEA62E1D461500607760 /* KakaoAuthService.swift */; };
		2F4DDEA92E1D462100607760 /* GoogleAuthService.swift in Sources */ = {isa = PBXBuildFile; fileRef = 2F4DDEA82E1D462100607760 /* GoogleAuthService.swift */; };
		2F4DDEAB2E1D48D100607760 /* AppleAuthRepository.swift in Sources */ = {isa = PBXBuildFile; fileRef = 2F4DDEAA2E1D48D100607760 /* AppleAuthRepository.swift */; };
		2F4DDEAE2E209F1800607760 /* Logger.swift in Sources */ = {isa = PBXBuildFile; fileRef = 2F4DDEAD2E209F1700607760 /* Logger.swift */; };
		2F4DDEB32E20DDC800607760 /* NetworkRequestInterceptor.swift in Sources */ = {isa = PBXBuildFile; fileRef = 2F4DDEB22E20DDC800607760 /* NetworkRequestInterceptor.swift */; };
		2F4DDEB62E20EDA000607760 /* AuthInterceptor.swift in Sources */ = {isa = PBXBuildFile; fileRef = 2F4DDEB52E20EDA000607760 /* AuthInterceptor.swift */; };
		2F4DDEBA2E20F21B00607760 /* Date+.swift in Sources */ = {isa = PBXBuildFile; fileRef = 2F4DDEB92E20F21B00607760 /* Date+.swift */; };
		2F4DDEBC2E222E6900607760 /* GoogleService-Info.plist in Resources */ = {isa = PBXBuildFile; fileRef = 2F4DDEBB2E222E6900607760 /* GoogleService-Info.plist */; };
		2FCBBE702E3E36A600412543 /* AppToggleStyle.swift in Sources */ = {isa = PBXBuildFile; fileRef = 2FCBBE6F2E3E36A600412543 /* AppToggleStyle.swift */; };
		2FCBBE722E3E54A100412543 /* HomeFeature.swift in Sources */ = {isa = PBXBuildFile; fileRef = 2FCBBE712E3E54A100412543 /* HomeFeature.swift */; };
		2FCBBE752E3E58A600412543 /* AppTextField.swift in Sources */ = {isa = PBXBuildFile; fileRef = 2FCBBE742E3E58A600412543 /* AppTextField.swift */; };
		2FCBBE792E3E7D8B00412543 /* AppSearchBar.swift in Sources */ = {isa = PBXBuildFile; fileRef = 2FCBBE782E3E7D8B00412543 /* AppSearchBar.swift */; };
		2FCBBE7C2E3E80CB00412543 /* SetAlarmView.swift in Sources */ = {isa = PBXBuildFile; fileRef = 2FCBBE7B2E3E80CB00412543 /* SetAlarmView.swift */; };
		2FCBBE7E2E3E8E1400412543 /* AlarmTimePickerView.swift in Sources */ = {isa = PBXBuildFile; fileRef = 2FCBBE7D2E3E8E1400412543 /* AlarmTimePickerView.swift */; };
		2FCBBE802E3E94F400412543 /* WeekdayPicker.swift in Sources */ = {isa = PBXBuildFile; fileRef = 2FCBBE7F2E3E94F400412543 /* WeekdayPicker.swift */; };
		2FCBBE822E3F296F00412543 /* SearchPlaceView.swift in Sources */ = {isa = PBXBuildFile; fileRef = 2FCBBE812E3F296F00412543 /* SearchPlaceView.swift */; };
		2FCBBE872E3F325300412543 /* SearchPlaceFeature.swift in Sources */ = {isa = PBXBuildFile; fileRef = 2FCBBE862E3F325300412543 /* SearchPlaceFeature.swift */; };
		2FCBBE892E3F32D800412543 /* Place.swift in Sources */ = {isa = PBXBuildFile; fileRef = 2FCBBE882E3F32D800412543 /* Place.swift */; };
		2FCBBE8B2E3F383E00412543 /* PlaceRepository.swift in Sources */ = {isa = PBXBuildFile; fileRef = 2FCBBE8A2E3F383E00412543 /* PlaceRepository.swift */; };
		2FCBBE8D2E3F388D00412543 /* SearchPlaceRequestDTO.swift in Sources */ = {isa = PBXBuildFile; fileRef = 2FCBBE8C2E3F388D00412543 /* SearchPlaceRequestDTO.swift */; };
		2FCBBE8F2E3F38B100412543 /* PlaceResponseDTO.swift in Sources */ = {isa = PBXBuildFile; fileRef = 2FCBBE8E2E3F38B100412543 /* PlaceResponseDTO.swift */; };
		2FCBBE922E3F39A700412543 /* PlaceRepositoryImpl.swift in Sources */ = {isa = PBXBuildFile; fileRef = 2FCBBE912E3F39A700412543 /* PlaceRepositoryImpl.swift */; };
		2FCBBE942E3F4FA400412543 /* AlarmResponseDTO.swift in Sources */ = {isa = PBXBuildFile; fileRef = 2FCBBE932E3F4FA300412543 /* AlarmResponseDTO.swift */; };
		2FCBBE962E3F4FAF00412543 /* AlarmRequestDTO.swift in Sources */ = {isa = PBXBuildFile; fileRef = 2FCBBE952E3F4FAF00412543 /* AlarmRequestDTO.swift */; };
		2FCBBE982E3F505F00412543 /* AlarmRepository.swift in Sources */ = {isa = PBXBuildFile; fileRef = 2FCBBE972E3F505F00412543 /* AlarmRepository.swift */; };
		2FCBBE9B2E3F50C000412543 /* AlarmRepositoryImpl.swift in Sources */ = {isa = PBXBuildFile; fileRef = 2FCBBE9A2E3F50C000412543 /* AlarmRepositoryImpl.swift */; };
		2FED86B72E48AF0F003D6F71 /* MapStyle.swift in Sources */ = {isa = PBXBuildFile; fileRef = 2FED86B62E48AF0F003D6F71 /* MapStyle.swift */; };
		2FED86B92E48B263003D6F71 /* NaverMapView.swift in Sources */ = {isa = PBXBuildFile; fileRef = 2FED86B82E48B263003D6F71 /* NaverMapView.swift */; };
		2FED86BB2E48F2E7003D6F71 /* CancelID.swift in Sources */ = {isa = PBXBuildFile; fileRef = 2FED86BA2E48F2E7003D6F71 /* CancelID.swift */; };
		2FED86C12E48F573003D6F71 /* 네모바지_스폰지밥_뚱이_일어나_움직여.mp3 in Resources */ = {isa = PBXBuildFile; fileRef = 2FED86BE2E48F573003D6F71 /* 네모바지_스폰지밥_뚱이_일어나_움직여.mp3 */; };
		2FED86C22E48F573003D6F71 /* 김두한_알람.mp3 in Resources */ = {isa = PBXBuildFile; fileRef = 2FED86BD2E48F573003D6F71 /* 김두한_알람.mp3 */; };
		2FED86C32E48F573003D6F71 /* 대피_사이렌_소리.mp3 in Resources */ = {isa = PBXBuildFile; fileRef = 2FED86BF2E48F573003D6F71 /* 대피_사이렌_소리.mp3 */; };
		2FED86C42E48F573003D6F71 /* 카리나_모닝콜_배경음악.mp3 in Resources */ = {isa = PBXBuildFile; fileRef = 2FED86C02E48F573003D6F71 /* 카리나_모닝콜_배경음악.mp3 */; };
		2FED86C62E492CE1003D6F71 /* Weekday.swift in Sources */ = {isa = PBXBuildFile; fileRef = 2FED86C52E492CE1003D6F71 /* Weekday.swift */; };
		2FED86C82E493FE2003D6F71 /* TimeConverter.swift in Sources */ = {isa = PBXBuildFile; fileRef = 2FED86C72E493FE2003D6F71 /* TimeConverter.swift */; };
		2FED86CA2E4942F8003D6F71 /* StringArrayConverter.swift in Sources */ = {isa = PBXBuildFile; fileRef = 2FED86C92E4942F8003D6F71 /* StringArrayConverter.swift */; };
		2FED86CE2E494D2A003D6F71 /* SettingView.swift in Sources */ = {isa = PBXBuildFile; fileRef = 2FED86CD2E494D2A003D6F71 /* SettingView.swift */; };
		2FED86D02E494D35003D6F71 /* SettingFeature.swift in Sources */ = {isa = PBXBuildFile; fileRef = 2FED86CF2E494D35003D6F71 /* SettingFeature.swift */; };
		2FED86D22E495C88003D6F71 /* MailComposeView.swift in Sources */ = {isa = PBXBuildFile; fileRef = 2FED86D12E495C88003D6F71 /* MailComposeView.swift */; };
/* End PBXBuildFile section */

/* Begin PBXFileReference section */
		2F02F7AC2E3BDC7A005273A5 /* Response.swift */ = {isa = PBXFileReference; lastKnownFileType = sourcecode.swift; path = Response.swift; sourceTree = "<group>"; };
		2F02F7AF2E3BE17B005273A5 /* DependencyValues.swift */ = {isa = PBXFileReference; lastKnownFileType = sourcecode.swift; path = DependencyValues.swift; sourceTree = "<group>"; };
		2F02F7B92E3C00F0005273A5 /* AppDelegate.swift */ = {isa = PBXFileReference; lastKnownFileType = sourcecode.swift; path = AppDelegate.swift; sourceTree = "<group>"; };
		2F02F7BB2E3C02A3005273A5 /* KakaoAuthRepository.swift */ = {isa = PBXFileReference; lastKnownFileType = sourcecode.swift; path = KakaoAuthRepository.swift; sourceTree = "<group>"; };
		2F02F7BF2E3C03CA005273A5 /* KakaoURLHandler.swift */ = {isa = PBXFileReference; lastKnownFileType = sourcecode.swift; path = KakaoURLHandler.swift; sourceTree = "<group>"; };
		2F02F7C12E3C03F1005273A5 /* AppURLRouter.swift */ = {isa = PBXFileReference; lastKnownFileType = sourcecode.swift; path = AppURLRouter.swift; sourceTree = "<group>"; };
		2F02F7C82E3C0B15005273A5 /* GoogleAuthRepository.swift */ = {isa = PBXFileReference; lastKnownFileType = sourcecode.swift; path = GoogleAuthRepository.swift; sourceTree = "<group>"; };
		2F02F81A2E3DD5EF005273A5 /* CustomNavigationBarModifier.swift */ = {isa = PBXFileReference; lastKnownFileType = sourcecode.swift; path = CustomNavigationBarModifier.swift; sourceTree = "<group>"; };
		2F02F81C2E3DD638005273A5 /* View+.swift */ = {isa = PBXFileReference; lastKnownFileType = sourcecode.swift; path = "View+.swift"; sourceTree = "<group>"; };
		2F02F81F2E3DD7A8005273A5 /* HomeView.swift */ = {isa = PBXFileReference; lastKnownFileType = sourcecode.swift; path = HomeView.swift; sourceTree = "<group>"; };
		2F02F8272E3DE709005273A5 /* AlarmCardView.swift */ = {isa = PBXFileReference; lastKnownFileType = sourcecode.swift; path = AlarmCardView.swift; sourceTree = "<group>"; };
		2F02F8292E3DE7D1005273A5 /* AlarmCardFeature.swift */ = {isa = PBXFileReference; lastKnownFileType = sourcecode.swift; path = AlarmCardFeature.swift; sourceTree = "<group>"; };
		2F02F82C2E3DE95E005273A5 /* Alarm.swift */ = {isa = PBXFileReference; lastKnownFileType = sourcecode.swift; path = Alarm.swift; sourceTree = "<group>"; };
		2F0556F62E47021300BA067E /* AuthClient.swift */ = {isa = PBXFileReference; lastKnownFileType = sourcecode.swift; path = AuthClient.swift; sourceTree = "<group>"; };
		2F0556F82E47022100BA067E /* TokenStore.swift */ = {isa = PBXFileReference; lastKnownFileType = sourcecode.swift; path = TokenStore.swift; sourceTree = "<group>"; };
		2F0556FA2E472B1900BA067E /* RootFeature.swift */ = {isa = PBXFileReference; lastKnownFileType = sourcecode.swift; path = RootFeature.swift; sourceTree = "<group>"; };
		2F0556FF2E47EA8900BA067E /* MainView.swift */ = {isa = PBXFileReference; lastKnownFileType = sourcecode.swift; path = MainView.swift; sourceTree = "<group>"; };
		2F0557012E47EA9300BA067E /* MainFeature.swift */ = {isa = PBXFileReference; lastKnownFileType = sourcecode.swift; path = MainFeature.swift; sourceTree = "<group>"; };
		2F0557032E47EAEC00BA067E /* SetAlarmFeature.swift */ = {isa = PBXFileReference; lastKnownFileType = sourcecode.swift; path = SetAlarmFeature.swift; sourceTree = "<group>"; };
		2F22633B2E40FFAD0079CF4F /* MapView.swift */ = {isa = PBXFileReference; lastKnownFileType = sourcecode.swift; path = MapView.swift; sourceTree = "<group>"; };
		2F22633D2E4258720079CF4F /* MapFeature.swift */ = {isa = PBXFileReference; lastKnownFileType = sourcecode.swift; path = MapFeature.swift; sourceTree = "<group>"; };
		2F2263412E4658CE0079CF4F /* LocationManager.swift */ = {isa = PBXFileReference; lastKnownFileType = sourcecode.swift; path = LocationManager.swift; sourceTree = "<group>"; };
		2F2263432E4659200079CF4F /* LocationClient.swift */ = {isa = PBXFileReference; lastKnownFileType = sourcecode.swift; path = LocationClient.swift; sourceTree = "<group>"; };
		2F2263452E4659C80079CF4F /* CLLocationCoordinate2D+.swift */ = {isa = PBXFileReference; lastKnownFileType = sourcecode.swift; path = "CLLocationCoordinate2D+.swift"; sourceTree = "<group>"; };
		2F2263482E4667DE0079CF4F /* AutoLoginClient.swift */ = {isa = PBXFileReference; lastKnownFileType = sourcecode.swift; path = AutoLoginClient.swift; sourceTree = "<group>"; };
		2F22634C2E466BDC0079CF4F /* SplashView.swift */ = {isa = PBXFileReference; lastKnownFileType = sourcecode.swift; path = SplashView.swift; sourceTree = "<group>"; };
		2F22634E2E466BE90079CF4F /* SplashFeature.swift */ = {isa = PBXFileReference; lastKnownFileType = sourcecode.swift; path = SplashFeature.swift; sourceTree = "<group>"; };
		2F2263522E466CDA0079CF4F /* OnboardingView.swift */ = {isa = PBXFileReference; lastKnownFileType = sourcecode.swift; path = OnboardingView.swift; sourceTree = "<group>"; };
		2F2263542E466CEA0079CF4F /* OnboardingFeature.swift */ = {isa = PBXFileReference; lastKnownFileType = sourcecode.swift; path = OnboardingFeature.swift; sourceTree = "<group>"; };
		2F2263592E466D940079CF4F /* AlarmRingingView.swift */ = {isa = PBXFileReference; lastKnownFileType = sourcecode.swift; path = AlarmRingingView.swift; sourceTree = "<group>"; };
		2F22635C2E4678280079CF4F /* AppBottomSheet.swift */ = {isa = PBXFileReference; lastKnownFileType = sourcecode.swift; path = AppBottomSheet.swift; sourceTree = "<group>"; };
		2F22635E2E4678840079CF4F /* SheetTitle.swift */ = {isa = PBXFileReference; lastKnownFileType = sourcecode.swift; path = SheetTitle.swift; sourceTree = "<group>"; };
		2F2263602E4678B50079CF4F /* SheetMessage.swift */ = {isa = PBXFileReference; lastKnownFileType = sourcecode.swift; path = SheetMessage.swift; sourceTree = "<group>"; };
		2F2263622E4678D10079CF4F /* SheetButtons.swift */ = {isa = PBXFileReference; lastKnownFileType = sourcecode.swift; path = SheetButtons.swift; sourceTree = "<group>"; };
		2F2263642E46790A0079CF4F /* Sheet.swift */ = {isa = PBXFileReference; lastKnownFileType = sourcecode.swift; path = Sheet.swift; sourceTree = "<group>"; };
		2F3E8DB42E46984100E3C0D7 /* AlarmListResponseDTO.swift */ = {isa = PBXFileReference; lastKnownFileType = sourcecode.swift; path = AlarmListResponseDTO.swift; sourceTree = "<group>"; };
		2F3E8DB62E46A41B00E3C0D7 /* AlarmOffRequestDTO.swift */ = {isa = PBXFileReference; lastKnownFileType = sourcecode.swift; path = AlarmOffRequestDTO.swift; sourceTree = "<group>"; };
		2F3E8DB82E46A45C00E3C0D7 /* AlarmOffResponseDTO.swift */ = {isa = PBXFileReference; lastKnownFileType = sourcecode.swift; path = AlarmOffResponseDTO.swift; sourceTree = "<group>"; };
		2F3E8DBA2E46AB9400E3C0D7 /* ReasonDTO.swift */ = {isa = PBXFileReference; lastKnownFileType = sourcecode.swift; path = ReasonDTO.swift; sourceTree = "<group>"; };
		2F3E8DBC2E46BDE300E3C0D7 /* OnboardingClient.swift */ = {isa = PBXFileReference; lastKnownFileType = sourcecode.swift; path = OnboardingClient.swift; sourceTree = "<group>"; };
		2F4DDDDF2E19635D00607760 /* Assets.xcassets */ = {isa = PBXFileReference; lastKnownFileType = folder.assetcatalog; path = Assets.xcassets; sourceTree = "<group>"; };
		2F4DDDE02E19635D00607760 /* RootView.swift */ = {isa = PBXFileReference; lastKnownFileType = sourcecode.swift; path = RootView.swift; sourceTree = "<group>"; };
		2F4DDDE12E19635D00607760 /* Whiplash_iOSApp.swift */ = {isa = PBXFileReference; lastKnownFileType = sourcecode.swift; path = Whiplash_iOSApp.swift; sourceTree = "<group>"; };
		2F4DDDEA2E19667700607760 /* Pretendard-Black.otf */ = {isa = PBXFileReference; lastKnownFileType = file; path = "Pretendard-Black.otf"; sourceTree = "<group>"; };
		2F4DDDEB2E19667700607760 /* Pretendard-Bold.otf */ = {isa = PBXFileReference; lastKnownFileType = file; path = "Pretendard-Bold.otf"; sourceTree = "<group>"; };
		2F4DDDEC2E19667700607760 /* Pretendard-ExtraBold.otf */ = {isa = PBXFileReference; lastKnownFileType = file; path = "Pretendard-ExtraBold.otf"; sourceTree = "<group>"; };
		2F4DDDED2E19667700607760 /* Pretendard-ExtraLight.otf */ = {isa = PBXFileReference; lastKnownFileType = file; path = "Pretendard-ExtraLight.otf"; sourceTree = "<group>"; };
		2F4DDDEE2E19667700607760 /* Pretendard-Light.otf */ = {isa = PBXFileReference; lastKnownFileType = file; path = "Pretendard-Light.otf"; sourceTree = "<group>"; };
		2F4DDDEF2E19667700607760 /* Pretendard-Medium.otf */ = {isa = PBXFileReference; lastKnownFileType = file; path = "Pretendard-Medium.otf"; sourceTree = "<group>"; };
		2F4DDDF02E19667700607760 /* Pretendard-Regular.otf */ = {isa = PBXFileReference; lastKnownFileType = file; path = "Pretendard-Regular.otf"; sourceTree = "<group>"; };
		2F4DDDF12E19667700607760 /* Pretendard-SemiBold.otf */ = {isa = PBXFileReference; lastKnownFileType = file; path = "Pretendard-SemiBold.otf"; sourceTree = "<group>"; };
		2F4DDDF22E19667700607760 /* Pretendard-Thin.otf */ = {isa = PBXFileReference; lastKnownFileType = file; path = "Pretendard-Thin.otf"; sourceTree = "<group>"; };
		2F4DDDFD2E1966D900607760 /* TextStyle.swift */ = {isa = PBXFileReference; lastKnownFileType = sourcecode.swift; path = TextStyle.swift; sourceTree = "<group>"; };
		2F4DDE012E19678200607760 /* Paperlogy-1Thin.ttf */ = {isa = PBXFileReference; lastKnownFileType = file; path = "Paperlogy-1Thin.ttf"; sourceTree = "<group>"; };
		2F4DDE022E19678200607760 /* Paperlogy-2ExtraLight.ttf */ = {isa = PBXFileReference; lastKnownFileType = file; path = "Paperlogy-2ExtraLight.ttf"; sourceTree = "<group>"; };
		2F4DDE032E19678200607760 /* Paperlogy-3Light.ttf */ = {isa = PBXFileReference; lastKnownFileType = file; path = "Paperlogy-3Light.ttf"; sourceTree = "<group>"; };
		2F4DDE042E19678200607760 /* Paperlogy-4Regular.ttf */ = {isa = PBXFileReference; lastKnownFileType = file; path = "Paperlogy-4Regular.ttf"; sourceTree = "<group>"; };
		2F4DDE052E19678200607760 /* Paperlogy-5Medium.ttf */ = {isa = PBXFileReference; lastKnownFileType = file; path = "Paperlogy-5Medium.ttf"; sourceTree = "<group>"; };
		2F4DDE062E19678200607760 /* Paperlogy-6SemiBold.ttf */ = {isa = PBXFileReference; lastKnownFileType = file; path = "Paperlogy-6SemiBold.ttf"; sourceTree = "<group>"; };
		2F4DDE072E19678200607760 /* Paperlogy-7Bold.ttf */ = {isa = PBXFileReference; lastKnownFileType = file; path = "Paperlogy-7Bold.ttf"; sourceTree = "<group>"; };
		2F4DDE082E19678200607760 /* Paperlogy-8ExtraBold.ttf */ = {isa = PBXFileReference; lastKnownFileType = file; path = "Paperlogy-8ExtraBold.ttf"; sourceTree = "<group>"; };
		2F4DDE092E19678200607760 /* Paperlogy-9Black.ttf */ = {isa = PBXFileReference; lastKnownFileType = file; path = "Paperlogy-9Black.ttf"; sourceTree = "<group>"; };
		2F4DDE132E1979AF00607760 /* AppText.swift */ = {isa = PBXFileReference; lastKnownFileType = sourcecode.swift; path = AppText.swift; sourceTree = "<group>"; };
		2F4DDE152E197AB200607760 /* Info.plist */ = {isa = PBXFileReference; lastKnownFileType = text.plist.xml; path = Info.plist; sourceTree = "<group>"; };
		2F4DDE182E1983D600607760 /* ShadowModifier.swift */ = {isa = PBXFileReference; lastKnownFileType = sourcecode.swift; path = ShadowModifier.swift; sourceTree = "<group>"; };
		2F4DDE1D2E198CD500607760 /* AppButton.swift */ = {isa = PBXFileReference; lastKnownFileType = sourcecode.swift; path = AppButton.swift; sourceTree = "<group>"; };
		2F4DDE212E199DE300607760 /* LoginButton.swift */ = {isa = PBXFileReference; lastKnownFileType = sourcecode.swift; path = LoginButton.swift; sourceTree = "<group>"; };
		2F4DDE6B2E1D009F00607760 /* LoginView.swift */ = {isa = PBXFileReference; lastKnownFileType = sourcecode.swift; path = LoginView.swift; sourceTree = "<group>"; };
		2F4DDE6D2E1D00AF00607760 /* LoginFeature.swift */ = {isa = PBXFileReference; lastKnownFileType = sourcecode.swift; path = LoginFeature.swift; sourceTree = "<group>"; };
		2F4DDE702E1D031C00607760 /* AppLayout.swift */ = {isa = PBXFileReference; lastKnownFileType = sourcecode.swift; path = AppLayout.swift; sourceTree = "<group>"; };
		2F4DDE752E1D08E000607760 /* Whiplash-iOS.entitlements */ = {isa = PBXFileReference; lastKnownFileType = text.plist.entitlements; path = "Whiplash-iOS.entitlements"; sourceTree = "<group>"; };
		2F4DDE7B2E1D12FD00607760 /* KeychainProvider.swift */ = {isa = PBXFileReference; lastKnownFileType = sourcecode.swift; path = KeychainProvider.swift; sourceTree = "<group>"; };
		2F4DDE7D2E1D145700607760 /* AuthUseCase.swift */ = {isa = PBXFileReference; lastKnownFileType = sourcecode.swift; path = AuthUseCase.swift; sourceTree = "<group>"; };
		2F4DDE802E1D1C1600607760 /* SingInInfo.swift */ = {isa = PBXFileReference; lastKnownFileType = sourcecode.swift; path = SingInInfo.swift; sourceTree = "<group>"; };
		2F4DDE842E1D1DB700607760 /* AuthRepository.swift */ = {isa = PBXFileReference; lastKnownFileType = sourcecode.swift; path = AuthRepository.swift; sourceTree = "<group>"; };
		2F4DDE892E1D2E3000607760 /* Config.xcconfig */ = {isa = PBXFileReference; lastKnownFileType = text.xcconfig; path = Config.xcconfig; sourceTree = "<group>"; };
		2F4DDE8B2E1D307A00607760 /* DefaultTargetType.swift */ = {isa = PBXFileReference; lastKnownFileType = sourcecode.swift; path = DefaultTargetType.swift; sourceTree = "<group>"; };
		2F4DDE8D2E1D328800607760 /* APIClient.swift */ = {isa = PBXFileReference; lastKnownFileType = sourcecode.swift; path = APIClient.swift; sourceTree = "<group>"; };
		2F4DDE8F2E1D34B000607760 /* Requestable.swift */ = {isa = PBXFileReference; lastKnownFileType = sourcecode.swift; path = Requestable.swift; sourceTree = "<group>"; };
		2F4DDE922E1D34D000607760 /* Respondable.swift */ = {isa = PBXFileReference; lastKnownFileType = sourcecode.swift; path = Respondable.swift; sourceTree = "<group>"; };
		2F4DDE982E1D3D2200607760 /* SignInRequestDTO.swift */ = {isa = PBXFileReference; lastKnownFileType = sourcecode.swift; path = SignInRequestDTO.swift; sourceTree = "<group>"; };
		2F4DDE9A2E1D3D5400607760 /* SignInResponseDTO.swift */ = {isa = PBXFileReference; lastKnownFileType = sourcecode.swift; path = SignInResponseDTO.swift; sourceTree = "<group>"; };
		2F4DDE9D2E1D409E00607760 /* TokenReissueResponseDTO.swift */ = {isa = PBXFileReference; lastKnownFileType = sourcecode.swift; path = TokenReissueResponseDTO.swift; sourceTree = "<group>"; };
		2F4DDE9F2E1D40B900607760 /* TokenReissueRequestDTO.swift */ = {isa = PBXFileReference; lastKnownFileType = sourcecode.swift; path = TokenReissueRequestDTO.swift; sourceTree = "<group>"; };
		2F4DDEA12E1D43CC00607760 /* SocialLoginType.swift */ = {isa = PBXFileReference; lastKnownFileType = sourcecode.swift; path = SocialLoginType.swift; sourceTree = "<group>"; };
		2F4DDEA42E1D460600607760 /* AppleAuthService.swift */ = {isa = PBXFileReference; lastKnownFileType = sourcecode.swift; path = AppleAuthService.swift; sourceTree = "<group>"; };
		2F4DDEA62E1D461500607760 /* KakaoAuthService.swift */ = {isa = PBXFileReference; lastKnownFileType = sourcecode.swift; path = KakaoAuthService.swift; sourceTree = "<group>"; };
		2F4DDEA82E1D462100607760 /* GoogleAuthService.swift */ = {isa = PBXFileReference; lastKnownFileType = sourcecode.swift; path = GoogleAuthService.swift; sourceTree = "<group>"; };
		2F4DDEAA2E1D48D100607760 /* AppleAuthRepository.swift */ = {isa = PBXFileReference; lastKnownFileType = sourcecode.swift; path = AppleAuthRepository.swift; sourceTree = "<group>"; };
		2F4DDEAD2E209F1700607760 /* Logger.swift */ = {isa = PBXFileReference; lastKnownFileType = sourcecode.swift; path = Logger.swift; sourceTree = "<group>"; };
		2F4DDEB02E20A27C00607760 /* OSLog.framework */ = {isa = PBXFileReference; lastKnownFileType = wrapper.framework; name = OSLog.framework; path = System/Library/Frameworks/OSLog.framework; sourceTree = SDKROOT; };
		2F4DDEB22E20DDC800607760 /* NetworkRequestInterceptor.swift */ = {isa = PBXFileReference; lastKnownFileType = sourcecode.swift; path = NetworkRequestInterceptor.swift; sourceTree = "<group>"; };
		2F4DDEB52E20EDA000607760 /* AuthInterceptor.swift */ = {isa = PBXFileReference; lastKnownFileType = sourcecode.swift; path = AuthInterceptor.swift; sourceTree = "<group>"; };
		2F4DDEB92E20F21B00607760 /* Date+.swift */ = {isa = PBXFileReference; lastKnownFileType = sourcecode.swift; path = "Date+.swift"; sourceTree = "<group>"; };
		2F4DDEBB2E222E6900607760 /* GoogleService-Info.plist */ = {isa = PBXFileReference; lastKnownFileType = text.plist.xml; path = "GoogleService-Info.plist"; sourceTree = "<group>"; };
		2FCBBE6F2E3E36A600412543 /* AppToggleStyle.swift */ = {isa = PBXFileReference; lastKnownFileType = sourcecode.swift; path = AppToggleStyle.swift; sourceTree = "<group>"; };
		2FCBBE712E3E54A100412543 /* HomeFeature.swift */ = {isa = PBXFileReference; lastKnownFileType = sourcecode.swift; path = HomeFeature.swift; sourceTree = "<group>"; };
		2FCBBE742E3E58A600412543 /* AppTextField.swift */ = {isa = PBXFileReference; lastKnownFileType = sourcecode.swift; path = AppTextField.swift; sourceTree = "<group>"; };
		2FCBBE782E3E7D8B00412543 /* AppSearchBar.swift */ = {isa = PBXFileReference; lastKnownFileType = sourcecode.swift; path = AppSearchBar.swift; sourceTree = "<group>"; };
		2FCBBE7B2E3E80CB00412543 /* SetAlarmView.swift */ = {isa = PBXFileReference; lastKnownFileType = sourcecode.swift; path = SetAlarmView.swift; sourceTree = "<group>"; };
		2FCBBE7D2E3E8E1400412543 /* AlarmTimePickerView.swift */ = {isa = PBXFileReference; lastKnownFileType = sourcecode.swift; path = AlarmTimePickerView.swift; sourceTree = "<group>"; };
		2FCBBE7F2E3E94F400412543 /* WeekdayPicker.swift */ = {isa = PBXFileReference; lastKnownFileType = sourcecode.swift; path = WeekdayPicker.swift; sourceTree = "<group>"; };
		2FCBBE812E3F296F00412543 /* SearchPlaceView.swift */ = {isa = PBXFileReference; lastKnownFileType = sourcecode.swift; path = SearchPlaceView.swift; sourceTree = "<group>"; };
		2FCBBE862E3F325300412543 /* SearchPlaceFeature.swift */ = {isa = PBXFileReference; lastKnownFileType = sourcecode.swift; path = SearchPlaceFeature.swift; sourceTree = "<group>"; };
		2FCBBE882E3F32D800412543 /* Place.swift */ = {isa = PBXFileReference; lastKnownFileType = sourcecode.swift; path = Place.swift; sourceTree = "<group>"; };
		2FCBBE8A2E3F383E00412543 /* PlaceRepository.swift */ = {isa = PBXFileReference; lastKnownFileType = sourcecode.swift; path = PlaceRepository.swift; sourceTree = "<group>"; };
		2FCBBE8C2E3F388D00412543 /* SearchPlaceRequestDTO.swift */ = {isa = PBXFileReference; lastKnownFileType = sourcecode.swift; path = SearchPlaceRequestDTO.swift; sourceTree = "<group>"; };
		2FCBBE8E2E3F38B100412543 /* PlaceResponseDTO.swift */ = {isa = PBXFileReference; lastKnownFileType = sourcecode.swift; path = PlaceResponseDTO.swift; sourceTree = "<group>"; };
		2FCBBE912E3F39A700412543 /* PlaceRepositoryImpl.swift */ = {isa = PBXFileReference; lastKnownFileType = sourcecode.swift; path = PlaceRepositoryImpl.swift; sourceTree = "<group>"; };
		2FCBBE932E3F4FA300412543 /* AlarmResponseDTO.swift */ = {isa = PBXFileReference; lastKnownFileType = sourcecode.swift; path = AlarmResponseDTO.swift; sourceTree = "<group>"; };
		2FCBBE952E3F4FAF00412543 /* AlarmRequestDTO.swift */ = {isa = PBXFileReference; lastKnownFileType = sourcecode.swift; path = AlarmRequestDTO.swift; sourceTree = "<group>"; };
		2FCBBE972E3F505F00412543 /* AlarmRepository.swift */ = {isa = PBXFileReference; lastKnownFileType = sourcecode.swift; path = AlarmRepository.swift; sourceTree = "<group>"; };
		2FCBBE9A2E3F50C000412543 /* AlarmRepositoryImpl.swift */ = {isa = PBXFileReference; lastKnownFileType = sourcecode.swift; path = AlarmRepositoryImpl.swift; sourceTree = "<group>"; };
		2FED14462E0AC15300D9CEDE /* Whiplash-iOS.app */ = {isa = PBXFileReference; explicitFileType = wrapper.application; includeInIndex = 0; path = "Whiplash-iOS.app"; sourceTree = BUILT_PRODUCTS_DIR; };
		2FED86B62E48AF0F003D6F71 /* MapStyle.swift */ = {isa = PBXFileReference; lastKnownFileType = sourcecode.swift; path = MapStyle.swift; sourceTree = "<group>"; };
		2FED86B82E48B263003D6F71 /* NaverMapView.swift */ = {isa = PBXFileReference; lastKnownFileType = sourcecode.swift; path = NaverMapView.swift; sourceTree = "<group>"; };
		2FED86BA2E48F2E7003D6F71 /* CancelID.swift */ = {isa = PBXFileReference; lastKnownFileType = sourcecode.swift; path = CancelID.swift; sourceTree = "<group>"; };
		2FED86BD2E48F573003D6F71 /* 김두한_알람.mp3 */ = {isa = PBXFileReference; lastKnownFileType = audio.mp3; path = "김두한_알람.mp3"; sourceTree = "<group>"; };
		2FED86BE2E48F573003D6F71 /* 네모바지_스폰지밥_뚱이_일어나_움직여.mp3 */ = {isa = PBXFileReference; lastKnownFileType = audio.mp3; path = "네모바지_스폰지밥_뚱이_일어나_움직여.mp3"; sourceTree = "<group>"; };
		2FED86BF2E48F573003D6F71 /* 대피_사이렌_소리.mp3 */ = {isa = PBXFileReference; lastKnownFileType = audio.mp3; path = "대피_사이렌_소리.mp3"; sourceTree = "<group>"; };
		2FED86C02E48F573003D6F71 /* 카리나_모닝콜_배경음악.mp3 */ = {isa = PBXFileReference; lastKnownFileType = audio.mp3; path = "카리나_모닝콜_배경음악.mp3"; sourceTree = "<group>"; };
		2FED86C52E492CE1003D6F71 /* Weekday.swift */ = {isa = PBXFileReference; lastKnownFileType = sourcecode.swift; path = Weekday.swift; sourceTree = "<group>"; };
		2FED86C72E493FE2003D6F71 /* TimeConverter.swift */ = {isa = PBXFileReference; lastKnownFileType = sourcecode.swift; path = TimeConverter.swift; sourceTree = "<group>"; };
		2FED86C92E4942F8003D6F71 /* StringArrayConverter.swift */ = {isa = PBXFileReference; lastKnownFileType = sourcecode.swift; path = StringArrayConverter.swift; sourceTree = "<group>"; };
		2FED86CD2E494D2A003D6F71 /* SettingView.swift */ = {isa = PBXFileReference; lastKnownFileType = sourcecode.swift; path = SettingView.swift; sourceTree = "<group>"; };
		2FED86CF2E494D35003D6F71 /* SettingFeature.swift */ = {isa = PBXFileReference; lastKnownFileType = sourcecode.swift; path = SettingFeature.swift; sourceTree = "<group>"; };
		2FED86D12E495C88003D6F71 /* MailComposeView.swift */ = {isa = PBXFileReference; lastKnownFileType = sourcecode.swift; path = MailComposeView.swift; sourceTree = "<group>"; };
/* End PBXFileReference section */

/* Begin PBXFrameworksBuildPhase section */
		2FED14432E0AC15300D9CEDE /* Frameworks */ = {
			isa = PBXFrameworksBuildPhase;
			buildActionMask = 2147483647;
			files = (
				2F02F7B62E3C009C005273A5 /* KakaoSDKCommon in Frameworks */,
				2F02F7B22E3BF0FD005273A5 /* Moya in Frameworks */,
				2F02F7C72E3C0945005273A5 /* GoogleSignInSwift in Frameworks */,
				2F4DDE742E1D043200607760 /* ComposableArchitecture in Frameworks */,
				2F02F7B82E3C009C005273A5 /* KakaoSDKUser in Frameworks */,
				2F22633A2E40FF4B0079CF4F /* NMapsMap in Frameworks */,
				2F02F7B42E3C009C005273A5 /* KakaoSDKAuth in Frameworks */,
				2F02F7C52E3C0945005273A5 /* GoogleSignIn in Frameworks */,
			);
			runOnlyForDeploymentPostprocessing = 0;
		};
/* End PBXFrameworksBuildPhase section */

/* Begin PBXGroup section */
		2F02F7AB2E3BCD71005273A5 /* Auth */ = {
			isa = PBXGroup;
			children = (
				2F4DDEAA2E1D48D100607760 /* AppleAuthRepository.swift */,
				2F02F7BB2E3C02A3005273A5 /* KakaoAuthRepository.swift */,
				2F02F7C82E3C0B15005273A5 /* GoogleAuthRepository.swift */,
			);
			path = Auth;
			sourceTree = "<group>";
		};
		2F02F7BD2E3C03AC005273A5 /* Router */ = {
			isa = PBXGroup;
			children = (
				2F02F7BE2E3C03B3005273A5 /* Handler */,
				2F02F7C12E3C03F1005273A5 /* AppURLRouter.swift */,
			);
			path = Router;
			sourceTree = "<group>";
		};
		2F02F7BE2E3C03B3005273A5 /* Handler */ = {
			isa = PBXGroup;
			children = (
				2F02F7BF2E3C03CA005273A5 /* KakaoURLHandler.swift */,
			);
			path = Handler;
			sourceTree = "<group>";
		};
		2F02F81E2E3DD79A005273A5 /* Home */ = {
			isa = PBXGroup;
			children = (
				2F02F81F2E3DD7A8005273A5 /* HomeView.swift */,
				2FCBBE712E3E54A100412543 /* HomeFeature.swift */,
			);
			path = Home;
			sourceTree = "<group>";
		};
		2F02F8262E3DE6EF005273A5 /* Alarm */ = {
			isa = PBXGroup;
			children = (
				2F2263582E466D7D0079CF4F /* AlarmRinging */,
				2FCBBE7A2E3E809000412543 /* SetAlarm */,
				2F02F82B2E3DE7D8005273A5 /* AlarmCard */,
			);
			path = Alarm;
			sourceTree = "<group>";
		};
		2F02F82B2E3DE7D8005273A5 /* AlarmCard */ = {
			isa = PBXGroup;
			children = (
				2F02F8272E3DE709005273A5 /* AlarmCardView.swift */,
				2F02F8292E3DE7D1005273A5 /* AlarmCardFeature.swift */,
			);
			path = AlarmCard;
			sourceTree = "<group>";
		};
		2F2263402E4658BE0079CF4F /* Location */ = {
			isa = PBXGroup;
			children = (
				2FCBBE852E3F321500412543 /* SearchPlace */,
				2F2263412E4658CE0079CF4F /* LocationManager.swift */,
				2F2263432E4659200079CF4F /* LocationClient.swift */,
			);
			path = Location;
			sourceTree = "<group>";
		};
		2F22634A2E4669BD0079CF4F /* Splash */ = {
			isa = PBXGroup;
			children = (
				2F22634C2E466BDC0079CF4F /* SplashView.swift */,
				2F22634E2E466BE90079CF4F /* SplashFeature.swift */,
			);
			path = Splash;
			sourceTree = "<group>";
		};
		2F2263512E466CC20079CF4F /* Onboarding */ = {
			isa = PBXGroup;
			children = (
				2F2263522E466CDA0079CF4F /* OnboardingView.swift */,
				2F2263542E466CEA0079CF4F /* OnboardingFeature.swift */,
				2F3E8DBC2E46BDE300E3C0D7 /* OnboardingClient.swift */,
			);
			path = Onboarding;
			sourceTree = "<group>";
		};
		2F2263582E466D7D0079CF4F /* AlarmRinging */ = {
			isa = PBXGroup;
			children = (
				2F2263592E466D940079CF4F /* AlarmRingingView.swift */,
			);
			path = AlarmRinging;
			sourceTree = "<group>";
		};
		2F22635B2E4678140079CF4F /* BottomSheet */ = {
			isa = PBXGroup;
			children = (
				2F22635C2E4678280079CF4F /* AppBottomSheet.swift */,
				2F22635E2E4678840079CF4F /* SheetTitle.swift */,
				2F2263602E4678B50079CF4F /* SheetMessage.swift */,
				2F2263622E4678D10079CF4F /* SheetButtons.swift */,
				2F2263642E46790A0079CF4F /* Sheet.swift */,
			);
			path = BottomSheet;
			sourceTree = "<group>";
		};
		2F4DDDE22E19635D00607760 /* Whiplash-iOS */ = {
			isa = PBXGroup;
			children = (
				2F4DDE942E1D355B00607760 /* Shared */,
				2F4DDE792E1D12AD00607760 /* Data */,
				2F4DDE762E1D113B00607760 /* Domain */,
				2F4DDE692E1D007200607760 /* Feature */,
				2F4DDE242E19A18D00607760 /* App */,
				2F4DDE782E1D12A800607760 /* Core */,
			);
			path = "Whiplash-iOS";
			sourceTree = "<group>";
		};
		2F4DDDE72E19636400607760 /* DesignSystem */ = {
			isa = PBXGroup;
			children = (
				2F22635B2E4678140079CF4F /* BottomSheet */,
				2FCBBE6E2E3E368C00412543 /* ToggleStyle */,
				2F4DDE6F2E1D030A00607760 /* Layout */,
				2F4DDE1B2E198C9A00607760 /* Component */,
				2F4DDE172E1983AC00607760 /* ViewModifier */,
				2F4DDDFC2E1966A800607760 /* TextStyle */,
			);
			path = DesignSystem;
			sourceTree = "<group>";
		};
		2F4DDDE82E19637C00607760 /* Resource */ = {
			isa = PBXGroup;
			children = (
				2FED86BC2E48F51E003D6F71 /* AlarmSound */,
				2F4DDEBB2E222E6900607760 /* GoogleService-Info.plist */,
				2F4DDDE92E19638800607760 /* Font */,
				2F4DDDDF2E19635D00607760 /* Assets.xcassets */,
				2F4DDE152E197AB200607760 /* Info.plist */,
				2F4DDE752E1D08E000607760 /* Whiplash-iOS.entitlements */,
				2F4DDE892E1D2E3000607760 /* Config.xcconfig */,
			);
			path = Resource;
			sourceTree = "<group>";
		};
		2F4DDDE92E19638800607760 /* Font */ = {
			isa = PBXGroup;
			children = (
				2F4DDE002E19676C00607760 /* Paperlogy */,
				2F4DDDFF2E19676100607760 /* Pretendard */,
			);
			path = Font;
			sourceTree = "<group>";
		};
		2F4DDDFC2E1966A800607760 /* TextStyle */ = {
			isa = PBXGroup;
			children = (
				2F4DDDFD2E1966D900607760 /* TextStyle.swift */,
				2F4DDE132E1979AF00607760 /* AppText.swift */,
			);
			path = TextStyle;
			sourceTree = "<group>";
		};
		2F4DDDFF2E19676100607760 /* Pretendard */ = {
			isa = PBXGroup;
			children = (
				2F4DDDEA2E19667700607760 /* Pretendard-Black.otf */,
				2F4DDDEB2E19667700607760 /* Pretendard-Bold.otf */,
				2F4DDDEC2E19667700607760 /* Pretendard-ExtraBold.otf */,
				2F4DDDED2E19667700607760 /* Pretendard-ExtraLight.otf */,
				2F4DDDEE2E19667700607760 /* Pretendard-Light.otf */,
				2F4DDDEF2E19667700607760 /* Pretendard-Medium.otf */,
				2F4DDDF02E19667700607760 /* Pretendard-Regular.otf */,
				2F4DDDF12E19667700607760 /* Pretendard-SemiBold.otf */,
				2F4DDDF22E19667700607760 /* Pretendard-Thin.otf */,
			);
			path = Pretendard;
			sourceTree = "<group>";
		};
		2F4DDE002E19676C00607760 /* Paperlogy */ = {
			isa = PBXGroup;
			children = (
				2F4DDE012E19678200607760 /* Paperlogy-1Thin.ttf */,
				2F4DDE022E19678200607760 /* Paperlogy-2ExtraLight.ttf */,
				2F4DDE032E19678200607760 /* Paperlogy-3Light.ttf */,
				2F4DDE042E19678200607760 /* Paperlogy-4Regular.ttf */,
				2F4DDE052E19678200607760 /* Paperlogy-5Medium.ttf */,
				2F4DDE062E19678200607760 /* Paperlogy-6SemiBold.ttf */,
				2F4DDE072E19678200607760 /* Paperlogy-7Bold.ttf */,
				2F4DDE082E19678200607760 /* Paperlogy-8ExtraBold.ttf */,
				2F4DDE092E19678200607760 /* Paperlogy-9Black.ttf */,
			);
			path = Paperlogy;
			sourceTree = "<group>";
		};
		2F4DDE172E1983AC00607760 /* ViewModifier */ = {
			isa = PBXGroup;
			children = (
				2F4DDE182E1983D600607760 /* ShadowModifier.swift */,
				2F02F81A2E3DD5EF005273A5 /* CustomNavigationBarModifier.swift */,
			);
			path = ViewModifier;
			sourceTree = "<group>";
		};
		2F4DDE1B2E198C9A00607760 /* Component */ = {
			isa = PBXGroup;
			children = (
				2FCBBE762E3E794D00412543 /* SearchBar */,
				2FCBBE732E3E589400412543 /* TextField */,
				2F4DDE1C2E198CAA00607760 /* Button */,
			);
			path = Component;
			sourceTree = "<group>";
		};
		2F4DDE1C2E198CAA00607760 /* Button */ = {
			isa = PBXGroup;
			children = (
				2F4DDE1D2E198CD500607760 /* AppButton.swift */,
				2F4DDE212E199DE300607760 /* LoginButton.swift */,
			);
			path = Button;
			sourceTree = "<group>";
		};
		2F4DDE242E19A18D00607760 /* App */ = {
			isa = PBXGroup;
			children = (
				2F4DDDE12E19635D00607760 /* Whiplash_iOSApp.swift */,
				2F4DDDE02E19635D00607760 /* RootView.swift */,
				2F02F7AF2E3BE17B005273A5 /* DependencyValues.swift */,
				2F02F7B92E3C00F0005273A5 /* AppDelegate.swift */,
				2F0556FA2E472B1900BA067E /* RootFeature.swift */,
				2F0556FF2E47EA8900BA067E /* MainView.swift */,
				2F0557012E47EA9300BA067E /* MainFeature.swift */,
			);
			path = App;
			sourceTree = "<group>";
		};
		2F4DDE692E1D007200607760 /* Feature */ = {
			isa = PBXGroup;
			children = (
				2FED86CC2E494C9E003D6F71 /* Setting */,
				2F2263512E466CC20079CF4F /* Onboarding */,
				2F22634A2E4669BD0079CF4F /* Splash */,
				2F2263402E4658BE0079CF4F /* Location */,
				2F02F8262E3DE6EF005273A5 /* Alarm */,
				2F02F81E2E3DD79A005273A5 /* Home */,
				2F4DDE6A2E1D007E00607760 /* Login */,
			);
			path = Feature;
			sourceTree = "<group>";
		};
		2F4DDE6A2E1D007E00607760 /* Login */ = {
			isa = PBXGroup;
			children = (
				2F4DDE6B2E1D009F00607760 /* LoginView.swift */,
				2F4DDE6D2E1D00AF00607760 /* LoginFeature.swift */,
				2F2263482E4667DE0079CF4F /* AutoLoginClient.swift */,
				2F0556F62E47021300BA067E /* AuthClient.swift */,
				2F0556F82E47022100BA067E /* TokenStore.swift */,
			);
			path = Login;
			sourceTree = "<group>";
		};
		2F4DDE6F2E1D030A00607760 /* Layout */ = {
			isa = PBXGroup;
			children = (
				2F4DDE702E1D031C00607760 /* AppLayout.swift */,
			);
			path = Layout;
			sourceTree = "<group>";
		};
		2F4DDE762E1D113B00607760 /* Domain */ = {
			isa = PBXGroup;
			children = (
				2F4DDE832E1D1D6700607760 /* Repository */,
				2F4DDE822E1D1D0600607760 /* UseCase */,
				2F4DDE7F2E1D1C0100607760 /* Entity */,
			);
			path = Domain;
			sourceTree = "<group>";
		};
		2F4DDE782E1D12A800607760 /* Core */ = {
			isa = PBXGroup;
			children = (
				2F02F7BD2E3C03AC005273A5 /* Router */,
				2F4DDE872E1D2CFD00607760 /* Network */,
				2F4DDE7A2E1D12BB00607760 /* Keychain */,
			);
			path = Core;
			sourceTree = "<group>";
		};
		2F4DDE792E1D12AD00607760 /* Data */ = {
			isa = PBXGroup;
			children = (
				2F4DDE862E1D201500607760 /* Remote */,
			);
			path = Data;
			sourceTree = "<group>";
		};
		2F4DDE7A2E1D12BB00607760 /* Keychain */ = {
			isa = PBXGroup;
			children = (
				2F4DDE7B2E1D12FD00607760 /* KeychainProvider.swift */,
			);
			path = Keychain;
			sourceTree = "<group>";
		};
		2F4DDE7F2E1D1C0100607760 /* Entity */ = {
			isa = PBXGroup;
			children = (
				2F4DDE802E1D1C1600607760 /* SingInInfo.swift */,
				2F4DDEA12E1D43CC00607760 /* SocialLoginType.swift */,
				2F02F82C2E3DE95E005273A5 /* Alarm.swift */,
				2FCBBE882E3F32D800412543 /* Place.swift */,
				2FED86B62E48AF0F003D6F71 /* MapStyle.swift */,
				2FED86BA2E48F2E7003D6F71 /* CancelID.swift */,
				2FED86C52E492CE1003D6F71 /* Weekday.swift */,
			);
			path = Entity;
			sourceTree = "<group>";
		};
		2F4DDE822E1D1D0600607760 /* UseCase */ = {
			isa = PBXGroup;
			children = (
				2F4DDE7D2E1D145700607760 /* AuthUseCase.swift */,
			);
			path = UseCase;
			sourceTree = "<group>";
		};
		2F4DDE832E1D1D6700607760 /* Repository */ = {
			isa = PBXGroup;
			children = (
				2F4DDE842E1D1DB700607760 /* AuthRepository.swift */,
				2FCBBE8A2E3F383E00412543 /* PlaceRepository.swift */,
				2FCBBE972E3F505F00412543 /* AlarmRepository.swift */,
			);
			path = Repository;
			sourceTree = "<group>";
		};
		2F4DDE862E1D201500607760 /* Remote */ = {
			isa = PBXGroup;
			children = (
				2F4DDEB42E20ED7C00607760 /* Interceptor */,
				2F4DDEA32E1D45F000607760 /* Service */,
				2F4DDE9C2E1D3DC000607760 /* RepositoryImpl */,
				2F4DDE952E1D3CF200607760 /* DTO */,
			);
			path = Remote;
			sourceTree = "<group>";
		};
		2F4DDE872E1D2CFD00607760 /* Network */ = {
			isa = PBXGroup;
			children = (
				2F4DDE8B2E1D307A00607760 /* DefaultTargetType.swift */,
				2F4DDE8D2E1D328800607760 /* APIClient.swift */,
				2F4DDE8F2E1D34B000607760 /* Requestable.swift */,
				2F4DDE922E1D34D000607760 /* Respondable.swift */,
				2F4DDEB22E20DDC800607760 /* NetworkRequestInterceptor.swift */,
			);
			path = Network;
			sourceTree = "<group>";
		};
		2F4DDE942E1D355B00607760 /* Shared */ = {
			isa = PBXGroup;
			children = (
				2F4DDEB72E20F20200607760 /* Util */,
				2F4DDEAC2E209F0100607760 /* Logger */,
				2F4DDDE72E19636400607760 /* DesignSystem */,
				2F4DDDE82E19637C00607760 /* Resource */,
			);
			path = Shared;
			sourceTree = "<group>";
		};
		2F4DDE952E1D3CF200607760 /* DTO */ = {
			isa = PBXGroup;
			children = (
				2F4DDE972E1D3D0000607760 /* Response */,
				2F4DDE962E1D3CF800607760 /* Request */,
			);
			path = DTO;
			sourceTree = "<group>";
		};
		2F4DDE962E1D3CF800607760 /* Request */ = {
			isa = PBXGroup;
			children = (
				2F4DDE982E1D3D2200607760 /* SignInRequestDTO.swift */,
				2F4DDE9F2E1D40B900607760 /* TokenReissueRequestDTO.swift */,
				2FCBBE8C2E3F388D00412543 /* SearchPlaceRequestDTO.swift */,
				2FCBBE952E3F4FAF00412543 /* AlarmRequestDTO.swift */,
				2F3E8DB62E46A41B00E3C0D7 /* AlarmOffRequestDTO.swift */,
				2F3E8DBA2E46AB9400E3C0D7 /* ReasonDTO.swift */,
			);
			path = Request;
			sourceTree = "<group>";
		};
		2F4DDE972E1D3D0000607760 /* Response */ = {
			isa = PBXGroup;
			children = (
				2F4DDE9A2E1D3D5400607760 /* SignInResponseDTO.swift */,
				2F4DDE9D2E1D409E00607760 /* TokenReissueResponseDTO.swift */,
				2F02F7AC2E3BDC7A005273A5 /* Response.swift */,
				2FCBBE8E2E3F38B100412543 /* PlaceResponseDTO.swift */,
				2FCBBE932E3F4FA300412543 /* AlarmResponseDTO.swift */,
				2F3E8DB42E46984100E3C0D7 /* AlarmListResponseDTO.swift */,
				2F3E8DB82E46A45C00E3C0D7 /* AlarmOffResponseDTO.swift */,
			);
			path = Response;
			sourceTree = "<group>";
		};
		2F4DDE9C2E1D3DC000607760 /* RepositoryImpl */ = {
			isa = PBXGroup;
			children = (
				2FCBBE992E3F50B200412543 /* Alarm */,
				2FCBBE902E3F399100412543 /* Place */,
				2F02F7AB2E3BCD71005273A5 /* Auth */,
			);
			path = RepositoryImpl;
			sourceTree = "<group>";
		};
		2F4DDEA32E1D45F000607760 /* Service */ = {
			isa = PBXGroup;
			children = (
				2F4DDEA42E1D460600607760 /* AppleAuthService.swift */,
				2F4DDEA62E1D461500607760 /* KakaoAuthService.swift */,
				2F4DDEA82E1D462100607760 /* GoogleAuthService.swift */,
			);
			path = Service;
			sourceTree = "<group>";
		};
		2F4DDEAC2E209F0100607760 /* Logger */ = {
			isa = PBXGroup;
			children = (
				2F4DDEAD2E209F1700607760 /* Logger.swift */,
			);
			path = Logger;
			sourceTree = "<group>";
		};
		2F4DDEAF2E20A27C00607760 /* Frameworks */ = {
			isa = PBXGroup;
			children = (
				2F4DDEB02E20A27C00607760 /* OSLog.framework */,
			);
			name = Frameworks;
			sourceTree = "<group>";
		};
		2F4DDEB42E20ED7C00607760 /* Interceptor */ = {
			isa = PBXGroup;
			children = (
				2F4DDEB52E20EDA000607760 /* AuthInterceptor.swift */,
			);
			path = Interceptor;
			sourceTree = "<group>";
		};
		2F4DDEB72E20F20200607760 /* Util */ = {
			isa = PBXGroup;
			children = (
				2FED86CB2E494308003D6F71 /* Converter */,
				2F4DDEB82E20F20C00607760 /* Extension */,
			);
			path = Util;
			sourceTree = "<group>";
		};
		2F4DDEB82E20F20C00607760 /* Extension */ = {
			isa = PBXGroup;
			children = (
				2F4DDEB92E20F21B00607760 /* Date+.swift */,
				2F02F81C2E3DD638005273A5 /* View+.swift */,
				2F2263452E4659C80079CF4F /* CLLocationCoordinate2D+.swift */,
			);
			path = Extension;
			sourceTree = "<group>";
		};
		2FCBBE6E2E3E368C00412543 /* ToggleStyle */ = {
			isa = PBXGroup;
			children = (
				2FCBBE6F2E3E36A600412543 /* AppToggleStyle.swift */,
			);
			path = ToggleStyle;
			sourceTree = "<group>";
		};
		2FCBBE732E3E589400412543 /* TextField */ = {
			isa = PBXGroup;
			children = (
				2FCBBE742E3E58A600412543 /* AppTextField.swift */,
			);
			path = TextField;
			sourceTree = "<group>";
		};
		2FCBBE762E3E794D00412543 /* SearchBar */ = {
			isa = PBXGroup;
			children = (
				2FCBBE782E3E7D8B00412543 /* AppSearchBar.swift */,
			);
			path = SearchBar;
			sourceTree = "<group>";
		};
		2FCBBE7A2E3E809000412543 /* SetAlarm */ = {
			isa = PBXGroup;
			children = (
				2FCBBE842E3F320800412543 /* WeekdayPicker */,
				2FCBBE832E3F31FC00412543 /* TimerPicker */,
				2FCBBE7B2E3E80CB00412543 /* SetAlarmView.swift */,
				2F0557032E47EAEC00BA067E /* SetAlarmFeature.swift */,
			);
			path = SetAlarm;
			sourceTree = "<group>";
		};
		2FCBBE832E3F31FC00412543 /* TimerPicker */ = {
			isa = PBXGroup;
			children = (
				2FCBBE7D2E3E8E1400412543 /* AlarmTimePickerView.swift */,
			);
			path = TimerPicker;
			sourceTree = "<group>";
		};
		2FCBBE842E3F320800412543 /* WeekdayPicker */ = {
			isa = PBXGroup;
			children = (
				2FCBBE7F2E3E94F400412543 /* WeekdayPicker.swift */,
			);
			path = WeekdayPicker;
			sourceTree = "<group>";
		};
		2FCBBE852E3F321500412543 /* SearchPlace */ = {
			isa = PBXGroup;
			children = (
				2FCBBE812E3F296F00412543 /* SearchPlaceView.swift */,
				2FCBBE862E3F325300412543 /* SearchPlaceFeature.swift */,
				2F22633B2E40FFAD0079CF4F /* MapView.swift */,
				2F22633D2E4258720079CF4F /* MapFeature.swift */,
				2FED86B82E48B263003D6F71 /* NaverMapView.swift */,
			);
			path = SearchPlace;
			sourceTree = "<group>";
		};
		2FCBBE902E3F399100412543 /* Place */ = {
			isa = PBXGroup;
			children = (
				2FCBBE912E3F39A700412543 /* PlaceRepositoryImpl.swift */,
			);
			path = Place;
			sourceTree = "<group>";
		};
		2FCBBE992E3F50B200412543 /* Alarm */ = {
			isa = PBXGroup;
			children = (
				2FCBBE9A2E3F50C000412543 /* AlarmRepositoryImpl.swift */,
			);
			path = Alarm;
			sourceTree = "<group>";
		};
		2FED143D2E0AC15300D9CEDE = {
			isa = PBXGroup;
			children = (
				2F4DDDE22E19635D00607760 /* Whiplash-iOS */,
				2F4DDEAF2E20A27C00607760 /* Frameworks */,
				2FED14472E0AC15300D9CEDE /* Products */,
			);
			sourceTree = "<group>";
		};
		2FED14472E0AC15300D9CEDE /* Products */ = {
			isa = PBXGroup;
			children = (
				2FED14462E0AC15300D9CEDE /* Whiplash-iOS.app */,
			);
			name = Products;
			sourceTree = "<group>";
		};
		2FED86BC2E48F51E003D6F71 /* AlarmSound */ = {
			isa = PBXGroup;
			children = (
				2FED86BD2E48F573003D6F71 /* 김두한_알람.mp3 */,
				2FED86BE2E48F573003D6F71 /* 네모바지_스폰지밥_뚱이_일어나_움직여.mp3 */,
				2FED86BF2E48F573003D6F71 /* 대피_사이렌_소리.mp3 */,
				2FED86C02E48F573003D6F71 /* 카리나_모닝콜_배경음악.mp3 */,
			);
			path = AlarmSound;
			sourceTree = "<group>";
		};
		2FED86CB2E494308003D6F71 /* Converter */ = {
			isa = PBXGroup;
			children = (
				2FED86C72E493FE2003D6F71 /* TimeConverter.swift */,
				2FED86C92E4942F8003D6F71 /* StringArrayConverter.swift */,
			);
			path = Converter;
			sourceTree = "<group>";
		};
		2FED86CC2E494C9E003D6F71 /* Setting */ = {
			isa = PBXGroup;
			children = (
				2FED86CD2E494D2A003D6F71 /* SettingView.swift */,
				2FED86CF2E494D35003D6F71 /* SettingFeature.swift */,
				2FED86D12E495C88003D6F71 /* MailComposeView.swift */,
			);
			path = Setting;
			sourceTree = "<group>";
		};
/* End PBXGroup section */

/* Begin PBXNativeTarget section */
		2FED14452E0AC15300D9CEDE /* Whiplash-iOS */ = {
			isa = PBXNativeTarget;
			buildConfigurationList = 2FED14542E0AC15600D9CEDE /* Build configuration list for PBXNativeTarget "Whiplash-iOS" */;
			buildPhases = (
				2FED14422E0AC15300D9CEDE /* Sources */,
				2FED14432E0AC15300D9CEDE /* Frameworks */,
				2FED14442E0AC15300D9CEDE /* Resources */,
			);
			buildRules = (
			);
			dependencies = (
			);
			name = "Whiplash-iOS";
			packageProductDependencies = (
				2F4DDE732E1D043200607760 /* ComposableArchitecture */,
				2F02F7B12E3BF0FD005273A5 /* Moya */,
				2F02F7B32E3C009C005273A5 /* KakaoSDKAuth */,
				2F02F7B52E3C009C005273A5 /* KakaoSDKCommon */,
				2F02F7B72E3C009C005273A5 /* KakaoSDKUser */,
				2F02F7C42E3C0945005273A5 /* GoogleSignIn */,
				2F02F7C62E3C0945005273A5 /* GoogleSignInSwift */,
				2F2263392E40FF4B0079CF4F /* NMapsMap */,
			);
			productName = "Whiplash-iOS";
			productReference = 2FED14462E0AC15300D9CEDE /* Whiplash-iOS.app */;
			productType = "com.apple.product-type.application";
		};
/* End PBXNativeTarget section */

/* Begin PBXProject section */
		2FED143E2E0AC15300D9CEDE /* Project object */ = {
			isa = PBXProject;
			attributes = {
				BuildIndependentTargetsInParallel = 1;
				LastSwiftUpdateCheck = 1600;
				LastUpgradeCheck = 1600;
				TargetAttributes = {
					2FED14452E0AC15300D9CEDE = {
						CreatedOnToolsVersion = 16.0;
					};
				};
			};
			buildConfigurationList = 2FED14412E0AC15300D9CEDE /* Build configuration list for PBXProject "Whiplash-iOS" */;
			developmentRegion = en;
			hasScannedForEncodings = 0;
			knownRegions = (
				en,
				Base,
			);
			mainGroup = 2FED143D2E0AC15300D9CEDE;
			minimizedProjectReferenceProxies = 1;
			packageReferences = (
				2F4DDE722E1D043200607760 /* XCRemoteSwiftPackageReference "swift-composable-architecture" */,
				2F4DDE882E1D2D9D00607760 /* XCRemoteSwiftPackageReference "Moya" */,
				2F4DDEBD2E2238C200607760 /* XCRemoteSwiftPackageReference "kakao-ios-sdk" */,
				2F02F7C32E3C0945005273A5 /* XCRemoteSwiftPackageReference "GoogleSignIn-iOS" */,
				2F2263382E40FF4B0079CF4F /* XCRemoteSwiftPackageReference "SPM-NMapsMap" */,
			);
			preferredProjectObjectVersion = 77;
			productRefGroup = 2FED14472E0AC15300D9CEDE /* Products */;
			projectDirPath = "";
			projectRoot = "";
			targets = (
				2FED14452E0AC15300D9CEDE /* Whiplash-iOS */,
			);
		};
/* End PBXProject section */

/* Begin PBXResourcesBuildPhase section */
		2FED14442E0AC15300D9CEDE /* Resources */ = {
			isa = PBXResourcesBuildPhase;
			buildActionMask = 2147483647;
			files = (
				2F4DDDE42E19635D00607760 /* Assets.xcassets in Resources */,
				2F4DDDF32E19667700607760 /* Pretendard-Light.otf in Resources */,
				2F4DDDF42E19667700607760 /* Pretendard-ExtraBold.otf in Resources */,
				2F4DDDF52E19667700607760 /* Pretendard-Medium.otf in Resources */,
				2F4DDDF62E19667700607760 /* Pretendard-Regular.otf in Resources */,
				2F4DDE0A2E19678200607760 /* Paperlogy-6SemiBold.ttf in Resources */,
				2F4DDE0B2E19678200607760 /* Paperlogy-1Thin.ttf in Resources */,
				2F4DDE0C2E19678200607760 /* Paperlogy-2ExtraLight.ttf in Resources */,
				2F4DDE0D2E19678200607760 /* Paperlogy-3Light.ttf in Resources */,
				2F4DDE0E2E19678200607760 /* Paperlogy-5Medium.ttf in Resources */,
				2F4DDE0F2E19678200607760 /* Paperlogy-9Black.ttf in Resources */,
				2F4DDE102E19678200607760 /* Paperlogy-7Bold.ttf in Resources */,
				2F4DDE112E19678200607760 /* Paperlogy-8ExtraBold.ttf in Resources */,
				2F4DDEBC2E222E6900607760 /* GoogleService-Info.plist in Resources */,
				2F4DDE122E19678200607760 /* Paperlogy-4Regular.ttf in Resources */,
				2F4DDDF72E19667700607760 /* Pretendard-SemiBold.otf in Resources */,
				2F4DDDF82E19667700607760 /* Pretendard-ExtraLight.otf in Resources */,
				2F4DDE8A2E1D2E3000607760 /* Config.xcconfig in Resources */,
				2F4DDDF92E19667700607760 /* Pretendard-Bold.otf in Resources */,
				2FED86C12E48F573003D6F71 /* 네모바지_스폰지밥_뚱이_일어나_움직여.mp3 in Resources */,
				2FED86C22E48F573003D6F71 /* 김두한_알람.mp3 in Resources */,
				2FED86C32E48F573003D6F71 /* 대피_사이렌_소리.mp3 in Resources */,
				2FED86C42E48F573003D6F71 /* 카리나_모닝콜_배경음악.mp3 in Resources */,
				2F4DDDFA2E19667700607760 /* Pretendard-Black.otf in Resources */,
				2F4DDDFB2E19667700607760 /* Pretendard-Thin.otf in Resources */,
			);
			runOnlyForDeploymentPostprocessing = 0;
		};
/* End PBXResourcesBuildPhase section */

/* Begin PBXSourcesBuildPhase section */
		2FED14422E0AC15300D9CEDE /* Sources */ = {
			isa = PBXSourcesBuildPhase;
			buildActionMask = 2147483647;
			files = (
				2F2263532E466CDA0079CF4F /* OnboardingView.swift in Sources */,
				2F0556F92E47022100BA067E /* TokenStore.swift in Sources */,
				2F02F7C02E3C03CA005273A5 /* KakaoURLHandler.swift in Sources */,
				2FCBBE752E3E58A600412543 /* AppTextField.swift in Sources */,
				2FCBBE802E3E94F400412543 /* WeekdayPicker.swift in Sources */,
				2FED86D22E495C88003D6F71 /* MailComposeView.swift in Sources */,
				2F2263632E4678D10079CF4F /* SheetButtons.swift in Sources */,
				2F4DDE192E1983D600607760 /* ShadowModifier.swift in Sources */,
				2F0556F72E47021300BA067E /* AuthClient.swift in Sources */,
				2F4DDDFE2E1966D900607760 /* TextStyle.swift in Sources */,
				2F2263462E4659C80079CF4F /* CLLocationCoordinate2D+.swift in Sources */,
				2FCBBE702E3E36A600412543 /* AppToggleStyle.swift in Sources */,
				2F3E8DB92E46A45C00E3C0D7 /* AlarmOffResponseDTO.swift in Sources */,
				2F02F8202E3DD7A8005273A5 /* HomeView.swift in Sources */,
				2F0557022E47EA9300BA067E /* MainFeature.swift in Sources */,
				2F02F7AD2E3BDC7A005273A5 /* Response.swift in Sources */,
				2F22635D2E4678280079CF4F /* AppBottomSheet.swift in Sources */,
				2F4DDE222E199DE300607760 /* LoginButton.swift in Sources */,
				2F4DDE8E2E1D328800607760 /* APIClient.swift in Sources */,
				2F4DDEAB2E1D48D100607760 /* AppleAuthRepository.swift in Sources */,
				2F02F82A2E3DE7D1005273A5 /* AlarmCardFeature.swift in Sources */,
				2FED86BB2E48F2E7003D6F71 /* CancelID.swift in Sources */,
				2F3E8DBB2E46AB9400E3C0D7 /* ReasonDTO.swift in Sources */,
				2F2263492E4667DE0079CF4F /* AutoLoginClient.swift in Sources */,
				2F0556FB2E472B1900BA067E /* RootFeature.swift in Sources */,
				2FED86D02E494D35003D6F71 /* SettingFeature.swift in Sources */,
				2F4DDEBA2E20F21B00607760 /* Date+.swift in Sources */,
				2F4DDEA22E1D43CC00607760 /* SocialLoginType.swift in Sources */,
				2F4DDEB32E20DDC800607760 /* NetworkRequestInterceptor.swift in Sources */,
				2F0557002E47EA8900BA067E /* MainView.swift in Sources */,
				2F22633C2E40FFAD0079CF4F /* MapView.swift in Sources */,
				2F4DDEA72E1D461500607760 /* KakaoAuthService.swift in Sources */,
				2F4DDEA02E1D40B900607760 /* TokenReissueRequestDTO.swift in Sources */,
				2FCBBE892E3F32D800412543 /* Place.swift in Sources */,
				2F02F7C22E3C03F1005273A5 /* AppURLRouter.swift in Sources */,
				2F2263552E466CEA0079CF4F /* OnboardingFeature.swift in Sources */,
				2FCBBE962E3F4FAF00412543 /* AlarmRequestDTO.swift in Sources */,
				2F4DDEA52E1D460600607760 /* AppleAuthService.swift in Sources */,
				2F4DDDE52E19635D00607760 /* RootView.swift in Sources */,
				2FCBBE922E3F39A700412543 /* PlaceRepositoryImpl.swift in Sources */,
				2F4DDE932E1D34D000607760 /* Respondable.swift in Sources */,
				2FED86C82E493FE2003D6F71 /* TimeConverter.swift in Sources */,
				2F4DDEAE2E209F1800607760 /* Logger.swift in Sources */,
				2F02F8282E3DE709005273A5 /* AlarmCardView.swift in Sources */,
				2F4DDE7E2E1D145700607760 /* AuthUseCase.swift in Sources */,
				2F4DDE8C2E1D307A00607760 /* DefaultTargetType.swift in Sources */,
				2F22635A2E466D940079CF4F /* AlarmRingingView.swift in Sources */,
				2F4DDE142E1979AF00607760 /* AppText.swift in Sources */,
				2F4DDE1E2E198CD500607760 /* AppButton.swift in Sources */,
				2F4DDE6C2E1D009F00607760 /* LoginView.swift in Sources */,
				2FCBBE7E2E3E8E1400412543 /* AlarmTimePickerView.swift in Sources */,
				2F2263612E4678B50079CF4F /* SheetMessage.swift in Sources */,
				2F4DDE812E1D1C1600607760 /* SingInInfo.swift in Sources */,
				2F0557042E47EAEC00BA067E /* SetAlarmFeature.swift in Sources */,
				2F4DDEA92E1D462100607760 /* GoogleAuthService.swift in Sources */,
				2F02F82D2E3DE95E005273A5 /* Alarm.swift in Sources */,
				2FCBBE7C2E3E80CB00412543 /* SetAlarmView.swift in Sources */,
				2FED86B92E48B263003D6F71 /* NaverMapView.swift in Sources */,
				2F3E8DB72E46A41B00E3C0D7 /* AlarmOffRequestDTO.swift in Sources */,
				2FCBBE8B2E3F383E00412543 /* PlaceRepository.swift in Sources */,
				2F3E8DBD2E46BDE300E3C0D7 /* OnboardingClient.swift in Sources */,
				2F2263652E46790A0079CF4F /* Sheet.swift in Sources */,
				2F4DDE9B2E1D3D5400607760 /* SignInResponseDTO.swift in Sources */,
				2FCBBE982E3F505F00412543 /* AlarmRepository.swift in Sources */,
				2F22634D2E466BDC0079CF4F /* SplashView.swift in Sources */,
				2FED86CA2E4942F8003D6F71 /* StringArrayConverter.swift in Sources */,
				2F3E8DB52E46984100E3C0D7 /* AlarmListResponseDTO.swift in Sources */,
				2F22634F2E466BE90079CF4F /* SplashFeature.swift in Sources */,
				2F4DDE7C2E1D12FD00607760 /* KeychainProvider.swift in Sources */,
				2FCBBE722E3E54A100412543 /* HomeFeature.swift in Sources */,
				2FCBBE942E3F4FA400412543 /* AlarmResponseDTO.swift in Sources */,
				2FED86CE2E494D2A003D6F71 /* SettingView.swift in Sources */,
				2F2263422E4658CE0079CF4F /* LocationManager.swift in Sources */,
				2F4DDE712E1D031C00607760 /* AppLayout.swift in Sources */,
				2FED86C62E492CE1003D6F71 /* Weekday.swift in Sources */,
				2F4DDE852E1D1DB700607760 /* AuthRepository.swift in Sources */,
				2F02F81D2E3DD638005273A5 /* View+.swift in Sources */,
				2FCBBE872E3F325300412543 /* SearchPlaceFeature.swift in Sources */,
				2F4DDE992E1D3D2200607760 /* SignInRequestDTO.swift in Sources */,
				2F22635F2E4678840079CF4F /* SheetTitle.swift in Sources */,
				2FCBBE8D2E3F388D00412543 /* SearchPlaceRequestDTO.swift in Sources */,
				2FCBBE822E3F296F00412543 /* SearchPlaceView.swift in Sources */,
				2FCBBE9B2E3F50C000412543 /* AlarmRepositoryImpl.swift in Sources */,
				2F4DDE9E2E1D409E00607760 /* TokenReissueResponseDTO.swift in Sources */,
				2FCBBE8F2E3F38B100412543 /* PlaceResponseDTO.swift in Sources */,
				2F22633E2E4258720079CF4F /* MapFeature.swift in Sources */,
				2F4DDDE62E19635D00607760 /* Whiplash_iOSApp.swift in Sources */,
				2FCBBE792E3E7D8B00412543 /* AppSearchBar.swift in Sources */,
				2F4DDEB62E20EDA000607760 /* AuthInterceptor.swift in Sources */,
				2F02F7C92E3C0B15005273A5 /* GoogleAuthRepository.swift in Sources */,
				2F4DDE902E1D34B000607760 /* Requestable.swift in Sources */,
				2F4DDE6E2E1D00AF00607760 /* LoginFeature.swift in Sources */,
				2FED86B72E48AF0F003D6F71 /* MapStyle.swift in Sources */,
				2F02F7BC2E3C02A3005273A5 /* KakaoAuthRepository.swift in Sources */,
				2F02F81B2E3DD5EF005273A5 /* CustomNavigationBarModifier.swift in Sources */,
				2F02F7BA2E3C00F0005273A5 /* AppDelegate.swift in Sources */,
				2F02F7B02E3BE17B005273A5 /* DependencyValues.swift in Sources */,
				2F2263442E4659210079CF4F /* LocationClient.swift in Sources */,
			);
			runOnlyForDeploymentPostprocessing = 0;
		};
/* End PBXSourcesBuildPhase section */

/* Begin XCBuildConfiguration section */
		2FED14522E0AC15600D9CEDE /* Debug */ = {
			isa = XCBuildConfiguration;
			baseConfigurationReference = 2F4DDE892E1D2E3000607760 /* Config.xcconfig */;
			buildSettings = {
				ALWAYS_SEARCH_USER_PATHS = NO;
				ASSETCATALOG_COMPILER_GENERATE_SWIFT_ASSET_SYMBOL_EXTENSIONS = YES;
				CLANG_ANALYZER_NONNULL = YES;
				CLANG_ANALYZER_NUMBER_OBJECT_CONVERSION = YES_AGGRESSIVE;
				CLANG_CXX_LANGUAGE_STANDARD = "gnu++20";
				CLANG_ENABLE_MODULES = YES;
				CLANG_ENABLE_OBJC_ARC = YES;
				CLANG_ENABLE_OBJC_WEAK = YES;
				CLANG_WARN_BLOCK_CAPTURE_AUTORELEASING = YES;
				CLANG_WARN_BOOL_CONVERSION = YES;
				CLANG_WARN_COMMA = YES;
				CLANG_WARN_CONSTANT_CONVERSION = YES;
				CLANG_WARN_DEPRECATED_OBJC_IMPLEMENTATIONS = YES;
				CLANG_WARN_DIRECT_OBJC_ISA_USAGE = YES_ERROR;
				CLANG_WARN_DOCUMENTATION_COMMENTS = YES;
				CLANG_WARN_EMPTY_BODY = YES;
				CLANG_WARN_ENUM_CONVERSION = YES;
				CLANG_WARN_INFINITE_RECURSION = YES;
				CLANG_WARN_INT_CONVERSION = YES;
				CLANG_WARN_NON_LITERAL_NULL_CONVERSION = YES;
				CLANG_WARN_OBJC_IMPLICIT_RETAIN_SELF = YES;
				CLANG_WARN_OBJC_LITERAL_CONVERSION = YES;
				CLANG_WARN_OBJC_ROOT_CLASS = YES_ERROR;
				CLANG_WARN_QUOTED_INCLUDE_IN_FRAMEWORK_HEADER = YES;
				CLANG_WARN_RANGE_LOOP_ANALYSIS = YES;
				CLANG_WARN_STRICT_PROTOTYPES = YES;
				CLANG_WARN_SUSPICIOUS_MOVE = YES;
				CLANG_WARN_UNGUARDED_AVAILABILITY = YES_AGGRESSIVE;
				CLANG_WARN_UNREACHABLE_CODE = YES;
				CLANG_WARN__DUPLICATE_METHOD_MATCH = YES;
				COPY_PHASE_STRIP = NO;
				DEBUG_INFORMATION_FORMAT = dwarf;
				ENABLE_STRICT_OBJC_MSGSEND = YES;
				ENABLE_TESTABILITY = YES;
				ENABLE_USER_SCRIPT_SANDBOXING = YES;
				GCC_C_LANGUAGE_STANDARD = gnu17;
				GCC_DYNAMIC_NO_PIC = NO;
				GCC_NO_COMMON_BLOCKS = YES;
				GCC_OPTIMIZATION_LEVEL = 0;
				GCC_PREPROCESSOR_DEFINITIONS = (
					"DEBUG=1",
					"$(inherited)",
				);
				GCC_WARN_64_TO_32_BIT_CONVERSION = YES;
				GCC_WARN_ABOUT_RETURN_TYPE = YES_ERROR;
				GCC_WARN_UNDECLARED_SELECTOR = YES;
				GCC_WARN_UNINITIALIZED_AUTOS = YES_AGGRESSIVE;
				GCC_WARN_UNUSED_FUNCTION = YES;
				GCC_WARN_UNUSED_VARIABLE = YES;
				IPHONEOS_DEPLOYMENT_TARGET = 18.0;
				LOCALIZATION_PREFERS_STRING_CATALOGS = YES;
				MTL_ENABLE_DEBUG_INFO = INCLUDE_SOURCE;
				MTL_FAST_MATH = YES;
				ONLY_ACTIVE_ARCH = YES;
				SDKROOT = iphoneos;
				SWIFT_ACTIVE_COMPILATION_CONDITIONS = "DEBUG $(inherited)";
				SWIFT_OPTIMIZATION_LEVEL = "-Onone";
			};
			name = Debug;
		};
		2FED14532E0AC15600D9CEDE /* Release */ = {
			isa = XCBuildConfiguration;
			buildSettings = {
				ALWAYS_SEARCH_USER_PATHS = NO;
				ASSETCATALOG_COMPILER_GENERATE_SWIFT_ASSET_SYMBOL_EXTENSIONS = YES;
				CLANG_ANALYZER_NONNULL = YES;
				CLANG_ANALYZER_NUMBER_OBJECT_CONVERSION = YES_AGGRESSIVE;
				CLANG_CXX_LANGUAGE_STANDARD = "gnu++20";
				CLANG_ENABLE_MODULES = YES;
				CLANG_ENABLE_OBJC_ARC = YES;
				CLANG_ENABLE_OBJC_WEAK = YES;
				CLANG_WARN_BLOCK_CAPTURE_AUTORELEASING = YES;
				CLANG_WARN_BOOL_CONVERSION = YES;
				CLANG_WARN_COMMA = YES;
				CLANG_WARN_CONSTANT_CONVERSION = YES;
				CLANG_WARN_DEPRECATED_OBJC_IMPLEMENTATIONS = YES;
				CLANG_WARN_DIRECT_OBJC_ISA_USAGE = YES_ERROR;
				CLANG_WARN_DOCUMENTATION_COMMENTS = YES;
				CLANG_WARN_EMPTY_BODY = YES;
				CLANG_WARN_ENUM_CONVERSION = YES;
				CLANG_WARN_INFINITE_RECURSION = YES;
				CLANG_WARN_INT_CONVERSION = YES;
				CLANG_WARN_NON_LITERAL_NULL_CONVERSION = YES;
				CLANG_WARN_OBJC_IMPLICIT_RETAIN_SELF = YES;
				CLANG_WARN_OBJC_LITERAL_CONVERSION = YES;
				CLANG_WARN_OBJC_ROOT_CLASS = YES_ERROR;
				CLANG_WARN_QUOTED_INCLUDE_IN_FRAMEWORK_HEADER = YES;
				CLANG_WARN_RANGE_LOOP_ANALYSIS = YES;
				CLANG_WARN_STRICT_PROTOTYPES = YES;
				CLANG_WARN_SUSPICIOUS_MOVE = YES;
				CLANG_WARN_UNGUARDED_AVAILABILITY = YES_AGGRESSIVE;
				CLANG_WARN_UNREACHABLE_CODE = YES;
				CLANG_WARN__DUPLICATE_METHOD_MATCH = YES;
				COPY_PHASE_STRIP = NO;
				DEBUG_INFORMATION_FORMAT = "dwarf-with-dsym";
				ENABLE_NS_ASSERTIONS = NO;
				ENABLE_STRICT_OBJC_MSGSEND = YES;
				ENABLE_USER_SCRIPT_SANDBOXING = YES;
				GCC_C_LANGUAGE_STANDARD = gnu17;
				GCC_NO_COMMON_BLOCKS = YES;
				GCC_WARN_64_TO_32_BIT_CONVERSION = YES;
				GCC_WARN_ABOUT_RETURN_TYPE = YES_ERROR;
				GCC_WARN_UNDECLARED_SELECTOR = YES;
				GCC_WARN_UNINITIALIZED_AUTOS = YES_AGGRESSIVE;
				GCC_WARN_UNUSED_FUNCTION = YES;
				GCC_WARN_UNUSED_VARIABLE = YES;
				IPHONEOS_DEPLOYMENT_TARGET = 18.0;
				LOCALIZATION_PREFERS_STRING_CATALOGS = YES;
				MTL_ENABLE_DEBUG_INFO = NO;
				MTL_FAST_MATH = YES;
				SDKROOT = iphoneos;
				SWIFT_COMPILATION_MODE = wholemodule;
				VALIDATE_PRODUCT = YES;
			};
			name = Release;
		};
		2FED14552E0AC15600D9CEDE /* Debug */ = {
			isa = XCBuildConfiguration;
			buildSettings = {
				ASSETCATALOG_COMPILER_APPICON_NAME = AppIcon;
				ASSETCATALOG_COMPILER_GLOBAL_ACCENT_COLOR_NAME = AccentColor;
				CODE_SIGN_ENTITLEMENTS = "Whiplash-iOS/Shared/Resource/Whiplash-iOS.entitlements";
				CODE_SIGN_IDENTITY = "Apple Development";
				CODE_SIGN_STYLE = Automatic;
				CURRENT_PROJECT_VERSION = 1;
				DEVELOPMENT_ASSET_PATHS = "";
				DEVELOPMENT_TEAM = 6B2F2JB38S;
				ENABLE_PREVIEWS = YES;
				GENERATE_INFOPLIST_FILE = YES;
				INFOPLIST_FILE = "Whiplash-iOS/Info.plist";
				INFOPLIST_KEY_CFBundleDisplayName = "눈떠!";
				INFOPLIST_KEY_NSLocationAlwaysAndWhenInUseUsageDescription = "현재 위치를 기반으로 알람 장소를 설정하기 위해 위치 권한을 혀용합니다.";
				INFOPLIST_KEY_NSLocationAlwaysUsageDescription = "현재 위치를 기반으로 알람 장소를 설정하기 위해 위치 권한을 혀용합니다.";
				INFOPLIST_KEY_NSLocationUsageDescription = "현재 위치를 기반으로 알람 장소를 설정하기 위해 위치 권한을 혀용합니다.";
				INFOPLIST_KEY_UIApplicationSceneManifest_Generation = YES;
				INFOPLIST_KEY_UIApplicationSupportsIndirectInputEvents = YES;
				INFOPLIST_KEY_UILaunchScreen_Generation = YES;
				INFOPLIST_KEY_UISupportedInterfaceOrientations = UIInterfaceOrientationPortrait;
				INFOPLIST_KEY_UISupportedInterfaceOrientations_iPad = "UIInterfaceOrientationLandscapeLeft UIInterfaceOrientationLandscapeRight UIInterfaceOrientationPortrait UIInterfaceOrientationPortraitUpsideDown";
				INFOPLIST_KEY_UIUserInterfaceStyle = Dark;
				IPHONEOS_DEPLOYMENT_TARGET = 18.0;
				LD_RUNPATH_SEARCH_PATHS = (
					"$(inherited)",
					"@executable_path/Frameworks",
				);
				MARKETING_VERSION = 1.0;
				PRODUCT_BUNDLE_IDENTIFIER = com.akuma.calling;
				PRODUCT_NAME = "$(TARGET_NAME)";
				PROVISIONING_PROFILE_SPECIFIER = "";
				SUPPORTED_PLATFORMS = "iphoneos iphonesimulator";
				SUPPORTS_MACCATALYST = NO;
				SUPPORTS_MAC_DESIGNED_FOR_IPHONE_IPAD = NO;
				SUPPORTS_XR_DESIGNED_FOR_IPHONE_IPAD = NO;
				SWIFT_EMIT_LOC_STRINGS = YES;
				SWIFT_VERSION = 5.0;
				TARGETED_DEVICE_FAMILY = 1;
			};
			name = Debug;
		};
		2FED14562E0AC15600D9CEDE /* Release */ = {
			isa = XCBuildConfiguration;
			buildSettings = {
				ASSETCATALOG_COMPILER_APPICON_NAME = AppIcon;
				ASSETCATALOG_COMPILER_GLOBAL_ACCENT_COLOR_NAME = AccentColor;
				CODE_SIGN_ENTITLEMENTS = "Whiplash-iOS/Shared/Resource/Whiplash-iOS.entitlements";
				CODE_SIGN_IDENTITY = "Apple Development";
				CODE_SIGN_STYLE = Automatic;
				CURRENT_PROJECT_VERSION = 1;
				DEVELOPMENT_ASSET_PATHS = "";
				DEVELOPMENT_TEAM = 6B2F2JB38S;
				ENABLE_PREVIEWS = YES;
				GENERATE_INFOPLIST_FILE = YES;
				INFOPLIST_FILE = "Whiplash-iOS/Info.plist";
				INFOPLIST_KEY_CFBundleDisplayName = "눈떠!";
				INFOPLIST_KEY_NSLocationAlwaysAndWhenInUseUsageDescription = "현재 위치를 기반으로 알람 장소를 설정하기 위해 위치 권한을 혀용합니다.";
				INFOPLIST_KEY_NSLocationAlwaysUsageDescription = "현재 위치를 기반으로 알람 장소를 설정하기 위해 위치 권한을 혀용합니다.";
				INFOPLIST_KEY_NSLocationUsageDescription = "현재 위치를 기반으로 알람 장소를 설정하기 위해 위치 권한을 혀용합니다.";
				INFOPLIST_KEY_UIApplicationSceneManifest_Generation = YES;
				INFOPLIST_KEY_UIApplicationSupportsIndirectInputEvents = YES;
				INFOPLIST_KEY_UILaunchScreen_Generation = YES;
				INFOPLIST_KEY_UISupportedInterfaceOrientations = UIInterfaceOrientationPortrait;
				INFOPLIST_KEY_UISupportedInterfaceOrientations_iPad = "UIInterfaceOrientationLandscapeLeft UIInterfaceOrientationLandscapeRight UIInterfaceOrientationPortrait UIInterfaceOrientationPortraitUpsideDown";
				INFOPLIST_KEY_UIUserInterfaceStyle = Dark;
				IPHONEOS_DEPLOYMENT_TARGET = 18.0;
				LD_RUNPATH_SEARCH_PATHS = (
					"$(inherited)",
					"@executable_path/Frameworks",
				);
				MARKETING_VERSION = 1.0;
				PRODUCT_BUNDLE_IDENTIFIER = com.akuma.calling;
				PRODUCT_NAME = "$(TARGET_NAME)";
				PROVISIONING_PROFILE_SPECIFIER = "";
				SUPPORTED_PLATFORMS = "iphoneos iphonesimulator";
				SUPPORTS_MACCATALYST = NO;
				SUPPORTS_MAC_DESIGNED_FOR_IPHONE_IPAD = NO;
				SUPPORTS_XR_DESIGNED_FOR_IPHONE_IPAD = NO;
				SWIFT_EMIT_LOC_STRINGS = YES;
				SWIFT_VERSION = 5.0;
				TARGETED_DEVICE_FAMILY = 1;
			};
			name = Release;
		};
/* End XCBuildConfiguration section */

/* Begin XCConfigurationList section */
		2FED14412E0AC15300D9CEDE /* Build configuration list for PBXProject "Whiplash-iOS" */ = {
			isa = XCConfigurationList;
			buildConfigurations = (
				2FED14522E0AC15600D9CEDE /* Debug */,
				2FED14532E0AC15600D9CEDE /* Release */,
			);
			defaultConfigurationIsVisible = 0;
			defaultConfigurationName = Release;
		};
		2FED14542E0AC15600D9CEDE /* Build configuration list for PBXNativeTarget "Whiplash-iOS" */ = {
			isa = XCConfigurationList;
			buildConfigurations = (
				2FED14552E0AC15600D9CEDE /* Debug */,
				2FED14562E0AC15600D9CEDE /* Release */,
			);
			defaultConfigurationIsVisible = 0;
			defaultConfigurationName = Release;
		};
/* End XCConfigurationList section */

/* Begin XCRemoteSwiftPackageReference section */
		2F02F7C32E3C0945005273A5 /* XCRemoteSwiftPackageReference "GoogleSignIn-iOS" */ = {
			isa = XCRemoteSwiftPackageReference;
			repositoryURL = "https://github.com/google/GoogleSignIn-iOS.git";
			requirement = {
				kind = upToNextMajorVersion;
				minimumVersion = 9.0.0;
			};
		};
		2F2263382E40FF4B0079CF4F /* XCRemoteSwiftPackageReference "SPM-NMapsMap" */ = {
			isa = XCRemoteSwiftPackageReference;
			repositoryURL = "https://github.com/navermaps/SPM-NMapsMap";
			requirement = {
				kind = upToNextMajorVersion;
				minimumVersion = 3.22.1;
			};
		};
		2F4DDE722E1D043200607760 /* XCRemoteSwiftPackageReference "swift-composable-architecture" */ = {
			isa = XCRemoteSwiftPackageReference;
			repositoryURL = "https://github.com/pointfreeco/swift-composable-architecture.git";
			requirement = {
				kind = upToNextMajorVersion;
				minimumVersion = 1.20.2;
			};
		};
		2F4DDE882E1D2D9D00607760 /* XCRemoteSwiftPackageReference "Moya" */ = {
			isa = XCRemoteSwiftPackageReference;
			repositoryURL = "https://github.com/Moya/Moya.git";
			requirement = {
				kind = upToNextMajorVersion;
				minimumVersion = 15.0.3;
			};
		};
		2F4DDEBD2E2238C200607760 /* XCRemoteSwiftPackageReference "kakao-ios-sdk" */ = {
			isa = XCRemoteSwiftPackageReference;
			repositoryURL = "https://github.com/kakao/kakao-ios-sdk.git";
			requirement = {
				kind = upToNextMajorVersion;
				minimumVersion = 2.24.5;
			};
		};
/* End XCRemoteSwiftPackageReference section */

/* Begin XCSwiftPackageProductDependency section */
		2F02F7B12E3BF0FD005273A5 /* Moya */ = {
			isa = XCSwiftPackageProductDependency;
			package = 2F4DDE882E1D2D9D00607760 /* XCRemoteSwiftPackageReference "Moya" */;
			productName = Moya;
		};
		2F02F7B32E3C009C005273A5 /* KakaoSDKAuth */ = {
			isa = XCSwiftPackageProductDependency;
			package = 2F4DDEBD2E2238C200607760 /* XCRemoteSwiftPackageReference "kakao-ios-sdk" */;
			productName = KakaoSDKAuth;
		};
		2F02F7B52E3C009C005273A5 /* KakaoSDKCommon */ = {
			isa = XCSwiftPackageProductDependency;
			package = 2F4DDEBD2E2238C200607760 /* XCRemoteSwiftPackageReference "kakao-ios-sdk" */;
			productName = KakaoSDKCommon;
		};
		2F02F7B72E3C009C005273A5 /* KakaoSDKUser */ = {
			isa = XCSwiftPackageProductDependency;
			package = 2F4DDEBD2E2238C200607760 /* XCRemoteSwiftPackageReference "kakao-ios-sdk" */;
			productName = KakaoSDKUser;
		};
		2F02F7C42E3C0945005273A5 /* GoogleSignIn */ = {
			isa = XCSwiftPackageProductDependency;
			package = 2F02F7C32E3C0945005273A5 /* XCRemoteSwiftPackageReference "GoogleSignIn-iOS" */;
			productName = GoogleSignIn;
		};
		2F02F7C62E3C0945005273A5 /* GoogleSignInSwift */ = {
			isa = XCSwiftPackageProductDependency;
			package = 2F02F7C32E3C0945005273A5 /* XCRemoteSwiftPackageReference "GoogleSignIn-iOS" */;
			productName = GoogleSignInSwift;
		};
		2F2263392E40FF4B0079CF4F /* NMapsMap */ = {
			isa = XCSwiftPackageProductDependency;
			package = 2F2263382E40FF4B0079CF4F /* XCRemoteSwiftPackageReference "SPM-NMapsMap" */;
			productName = NMapsMap;
		};
		2F4DDE732E1D043200607760 /* ComposableArchitecture */ = {
			isa = XCSwiftPackageProductDependency;
			package = 2F4DDE722E1D043200607760 /* XCRemoteSwiftPackageReference "swift-composable-architecture" */;
			productName = ComposableArchitecture;
		};
/* End XCSwiftPackageProductDependency section */
	};
	rootObject = 2FED143E2E0AC15300D9CEDE /* Project object */;
}
